
Microsoft Visual Studio Solution File, Format Version 12.00
# Visual Studio Version 16
VisualStudioVersion = 16.0.30114.105
MinimumVisualStudioVersion = 10.0.40219.1
Project("{FAE04EC0-301F-11D3-BF4B-00C04F79EFBC}") = "Contracts", "Contracts\Contracts.csproj", "{CA65A5D9-3480-489C-8CE4-87813ACAF9EB}"
EndProject
Project("{FAE04EC0-301F-11D3-BF4B-00C04F79EFBC}") = "EventBusTransmitting", "EventBusTransmitting\EventBusTransmitting.csproj", "{C00635A7-2F9F-48E9-B723-5FE21963DEDD}"
EndProject
Project("{FAE04EC0-301F-11D3-BF4B-00C04F79EFBC}") = "VacationService", "VacationService\VacationService.csproj", "{E4A11142-5C8C-4488-A364-117FA9E17622}"
EndProject
Project("{FAE04EC0-301F-11D3-BF4B-00C04F79EFBC}") = "FlightService", "FlightService\FlightService.csproj", "{2F6E0EFB-DB8A-4F91-8BAA-BD64C3E7C3CF}"
EndProject
Project("{FAE04EC0-301F-11D3-BF4B-00C04F79EFBC}") = "HotelService", "HotelService\HotelService.csproj", "{7D7792AC-492D-49D7-9E88-D7817D43CBD1}"
EndProject
Project("{FAE04EC0-301F-11D3-BF4B-00C04F79EFBC}") = "CarService", "CarService\CarService.csproj", "{DA065C51-55AA-4356-8FB0-BE0B37EB6B76}"
EndProject
Project("{FAE04EC0-301F-11D3-BF4B-00C04F79EFBC}") = "TrackingService", "TrackingService\TrackingService.csproj", "{7EF7A21A-8C8D-4F75-B55B-EB0BED95E266}"
EndProject
Global
	GlobalSection(SolutionConfigurationPlatforms) = preSolution
		Debug|Any CPU = Debug|Any CPU
		Debug|x64 = Debug|x64
		Debug|x86 = Debug|x86
		Release|Any CPU = Release|Any CPU
		Release|x64 = Release|x64
		Release|x86 = Release|x86
	EndGlobalSection
	GlobalSection(SolutionProperties) = preSolution
		HideSolutionNode = FALSE
	EndGlobalSection
	GlobalSection(ProjectConfigurationPlatforms) = postSolution
		{CA65A5D9-3480-489C-8CE4-87813ACAF9EB}.Debug|Any CPU.ActiveCfg = Debug|Any CPU
		{CA65A5D9-3480-489C-8CE4-87813ACAF9EB}.Debug|Any CPU.Build.0 = Debug|Any CPU
		{CA65A5D9-3480-489C-8CE4-87813ACAF9EB}.Debug|x64.ActiveCfg = Debug|Any CPU
		{CA65A5D9-3480-489C-8CE4-87813ACAF9EB}.Debug|x64.Build.0 = Debug|Any CPU
		{CA65A5D9-3480-489C-8CE4-87813ACAF9EB}.Debug|x86.ActiveCfg = Debug|Any CPU
		{CA65A5D9-3480-489C-8CE4-87813ACAF9EB}.Debug|x86.Build.0 = Debug|Any CPU
		{CA65A5D9-3480-489C-8CE4-87813ACAF9EB}.Release|Any CPU.ActiveCfg = Release|Any CPU
		{CA65A5D9-3480-489C-8CE4-87813ACAF9EB}.Release|Any CPU.Build.0 = Release|Any CPU
		{CA65A5D9-3480-489C-8CE4-87813ACAF9EB}.Release|x64.ActiveCfg = Release|Any CPU
		{CA65A5D9-3480-489C-8CE4-87813ACAF9EB}.Release|x64.Build.0 = Release|Any CPU
		{CA65A5D9-3480-489C-8CE4-87813ACAF9EB}.Release|x86.ActiveCfg = Release|Any CPU
		{CA65A5D9-3480-489C-8CE4-87813ACAF9EB}.Release|x86.Build.0 = Release|Any CPU
		{C00635A7-2F9F-48E9-B723-5FE21963DEDD}.Debug|Any CPU.ActiveCfg = Debug|Any CPU
		{C00635A7-2F9F-48E9-B723-5FE21963DEDD}.Debug|Any CPU.Build.0 = Debug|Any CPU
		{C00635A7-2F9F-48E9-B723-5FE21963DEDD}.Debug|x64.ActiveCfg = Debug|Any CPU
		{C00635A7-2F9F-48E9-B723-5FE21963DEDD}.Debug|x64.Build.0 = Debug|Any CPU
		{C00635A7-2F9F-48E9-B723-5FE21963DEDD}.Debug|x86.ActiveCfg = Debug|Any CPU
		{C00635A7-2F9F-48E9-B723-5FE21963DEDD}.Debug|x86.Build.0 = Debug|Any CPU
		{C00635A7-2F9F-48E9-B723-5FE21963DEDD}.Release|Any CPU.ActiveCfg = Release|Any CPU
		{C00635A7-2F9F-48E9-B723-5FE21963DEDD}.Release|Any CPU.Build.0 = Release|Any CPU
		{C00635A7-2F9F-48E9-B723-5FE21963DEDD}.Release|x64.ActiveCfg = Release|Any CPU
		{C00635A7-2F9F-48E9-B723-5FE21963DEDD}.Release|x64.Build.0 = Release|Any CPU
		{C00635A7-2F9F-48E9-B723-5FE21963DEDD}.Release|x86.ActiveCfg = Release|Any CPU
		{C00635A7-2F9F-48E9-B723-5FE21963DEDD}.Release|x86.Build.0 = Release|Any CPU
		{E4A11142-5C8C-4488-A364-117FA9E17622}.Debug|Any CPU.ActiveCfg = Debug|Any CPU
		{E4A11142-5C8C-4488-A364-117FA9E17622}.Debug|Any CPU.Build.0 = Debug|Any CPU
		{E4A11142-5C8C-4488-A364-117FA9E17622}.Debug|x64.ActiveCfg = Debug|Any CPU
		{E4A11142-5C8C-4488-A364-117FA9E17622}.Debug|x64.Build.0 = Debug|Any CPU
		{E4A11142-5C8C-4488-A364-117FA9E17622}.Debug|x86.ActiveCfg = Debug|Any CPU
		{E4A11142-5C8C-4488-A364-117FA9E17622}.Debug|x86.Build.0 = Debug|Any CPU
		{E4A11142-5C8C-4488-A364-117FA9E17622}.Release|Any CPU.ActiveCfg = Release|Any CPU
		{E4A11142-5C8C-4488-A364-117FA9E17622}.Release|Any CPU.Build.0 = Release|Any CPU
		{E4A11142-5C8C-4488-A364-117FA9E17622}.Release|x64.ActiveCfg = Release|Any CPU
		{E4A11142-5C8C-4488-A364-117FA9E17622}.Release|x64.Build.0 = Release|Any CPU
		{E4A11142-5C8C-4488-A364-117FA9E17622}.Release|x86.ActiveCfg = Release|Any CPU
		{E4A11142-5C8C-4488-A364-117FA9E17622}.Release|x86.Build.0 = Release|Any CPU
		{2F6E0EFB-DB8A-4F91-8BAA-BD64C3E7C3CF}.Debug|Any CPU.ActiveCfg = Debug|Any CPU
		{2F6E0EFB-DB8A-4F91-8BAA-BD64C3E7C3CF}.Debug|Any CPU.Build.0 = Debug|Any CPU
		{2F6E0EFB-DB8A-4F91-8BAA-BD64C3E7C3CF}.Debug|x64.ActiveCfg = Debug|Any CPU
		{2F6E0EFB-DB8A-4F91-8BAA-BD64C3E7C3CF}.Debug|x64.Build.0 = Debug|Any CPU
		{2F6E0EFB-DB8A-4F91-8BAA-BD64C3E7C3CF}.Debug|x86.ActiveCfg = Debug|Any CPU
		{2F6E0EFB-DB8A-4F91-8BAA-BD64C3E7C3CF}.Debug|x86.Build.0 = Debug|Any CPU
		{2F6E0EFB-DB8A-4F91-8BAA-BD64C3E7C3CF}.Release|Any CPU.ActiveCfg = Release|Any CPU
		{2F6E0EFB-DB8A-4F91-8BAA-BD64C3E7C3CF}.Release|Any CPU.Build.0 = Release|Any CPU
		{2F6E0EFB-DB8A-4F91-8BAA-BD64C3E7C3CF}.Release|x64.ActiveCfg = Release|Any CPU
		{2F6E0EFB-DB8A-4F91-8BAA-BD64C3E7C3CF}.Release|x64.Build.0 = Release|Any CPU
		{2F6E0EFB-DB8A-4F91-8BAA-BD64C3E7C3CF}.Release|x86.ActiveCfg = Release|Any CPU
		{2F6E0EFB-DB8A-4F91-8BAA-BD64C3E7C3CF}.Release|x86.Build.0 = Release|Any CPU
		{7D7792AC-492D-49D7-9E88-D7817D43CBD1}.Debug|Any CPU.ActiveCfg = Debug|Any CPU
		{7D7792AC-492D-49D7-9E88-D7817D43CBD1}.Debug|Any CPU.Build.0 = Debug|Any CPU
		{7D7792AC-492D-49D7-9E88-D7817D43CBD1}.Debug|x64.ActiveCfg = Debug|Any CPU
		{7D7792AC-492D-49D7-9E88-D7817D43CBD1}.Debug|x64.Build.0 = Debug|Any CPU
		{7D7792AC-492D-49D7-9E88-D7817D43CBD1}.Debug|x86.ActiveCfg = Debug|Any CPU
		{7D7792AC-492D-49D7-9E88-D7817D43CBD1}.Debug|x86.Build.0 = Debug|Any CPU
		{7D7792AC-492D-49D7-9E88-D7817D43CBD1}.Release|Any CPU.ActiveCfg = Release|Any CPU
		{7D7792AC-492D-49D7-9E88-D7817D43CBD1}.Release|Any CPU.Build.0 = Release|Any CPU
		{7D7792AC-492D-49D7-9E88-D7817D43CBD1}.Release|x64.ActiveCfg = Release|Any CPU
		{7D7792AC-492D-49D7-9E88-D7817D43CBD1}.Release|x64.Build.0 = Release|Any CPU
		{7D7792AC-492D-49D7-9E88-D7817D43CBD1}.Release|x86.ActiveCfg = Release|Any CPU
		{7D7792AC-492D-49D7-9E88-D7817D43CBD1}.Release|x86.Build.0 = Release|Any CPU
		{DA065C51-55AA-4356-8FB0-BE0B37EB6B76}.Debug|Any CPU.ActiveCfg = Debug|Any CPU
		{DA065C51-55AA-4356-8FB0-BE0B37EB6B76}.Debug|Any CPU.Build.0 = Debug|Any CPU
		{DA065C51-55AA-4356-8FB0-BE0B37EB6B76}.Debug|x64.ActiveCfg = Debug|Any CPU
		{DA065C51-55AA-4356-8FB0-BE0B37EB6B76}.Debug|x64.Build.0 = Debug|Any CPU
		{DA065C51-55AA-4356-8FB0-BE0B37EB6B76}.Debug|x86.ActiveCfg = Debug|Any CPU
		{DA065C51-55AA-4356-8FB0-BE0B37EB6B76}.Debug|x86.Build.0 = Debug|Any CPU
		{DA065C51-55AA-4356-8FB0-BE0B37EB6B76}.Release|Any CPU.ActiveCfg = Release|Any CPU
		{DA065C51-55AA-4356-8FB0-BE0B37EB6B76}.Release|Any CPU.Build.0 = Release|Any CPU
		{DA065C51-55AA-4356-8FB0-BE0B37EB6B76}.Release|x64.ActiveCfg = Release|Any CPU
		{DA065C51-55AA-4356-8FB0-BE0B37EB6B76}.Release|x64.Build.0 = Release|Any CPU
		{DA065C51-55AA-4356-8FB0-BE0B37EB6B76}.Release|x86.ActiveCfg = Release|Any CPU
		{DA065C51-55AA-4356-8FB0-BE0B37EB6B76}.Release|x86.Build.0 = Release|Any CPU
		{7EF7A21A-8C8D-4F75-B55B-EB0BED95E266}.Debug|Any CPU.ActiveCfg = Debug|Any CPU
		{7EF7A21A-8C8D-4F75-B55B-EB0BED95E266}.Debug|Any CPU.Build.0 = Debug|Any CPU
		{7EF7A21A-8C8D-4F75-B55B-EB0BED95E266}.Debug|x64.ActiveCfg = Debug|Any CPU
		{7EF7A21A-8C8D-4F75-B55B-EB0BED95E266}.Debug|x64.Build.0 = Debug|Any CPU
		{7EF7A21A-8C8D-4F75-B55B-EB0BED95E266}.Debug|x86.ActiveCfg = Debug|Any CPU
		{7EF7A21A-8C8D-4F75-B55B-EB0BED95E266}.Debug|x86.Build.0 = Debug|Any CPU
		{7EF7A21A-8C8D-4F75-B55B-EB0BED95E266}.Release|Any CPU.ActiveCfg = Release|Any CPU
		{7EF7A21A-8C8D-4F75-B55B-EB0BED95E266}.Release|Any CPU.Build.0 = Release|Any CPU
		{7EF7A21A-8C8D-4F75-B55B-EB0BED95E266}.Release|x64.ActiveCfg = Release|Any CPU
		{7EF7A21A-8C8D-4F75-B55B-EB0BED95E266}.Release|x64.Build.0 = Release|Any CPU
		{7EF7A21A-8C8D-4F75-B55B-EB0BED95E266}.Release|x86.ActiveCfg = Release|Any CPU
		{7EF7A21A-8C8D-4F75-B55B-EB0BED95E266}.Release|x86.Build.0 = Release|Any CPU
	EndGlobalSection
	GlobalSection(NestedProjects) = preSolution
	EndGlobalSection
EndGlobal
