
Microsoft Visual Studio Solution File, Format Version 12.00
# Visual Studio Version 16
VisualStudioVersion = 16.0.30114.105
MinimumVisualStudioVersion = 10.0.40219.1
Project("{FAE04EC0-301F-11D3-BF4B-00C04F79EFBC}") = "Contracts", "Contracts\Contracts.csproj", "{CA65A5D9-3480-489C-8CE4-87813ACAF9EB}"
EndProject
Project("{FAE04EC0-301F-11D3-BF4B-00C04F79EFBC}") = "EventBusTransmitting", "EventBusTransmitting\EventBusTransmitting.csproj", "{C00635A7-2F9F-48E9-B723-5FE21963DEDD}"
EndProject
Project("{FAE04EC0-301F-11D3-BF4B-00C04F79EFBC}") = "VacationService", "VacationService\VacationService.csproj", "{E4A11142-5C8C-4488-A364-117FA9E17622}"
EndProject
Project("{FAE04EC0-301F-11D3-BF4B-00C04F79EFBC}") = "FlightService", "FlightService\FlightService.csproj", "{2F6E0EFB-DB8A-4F91-8BAA-BD64C3E7C3CF}"
EndProject
Project("{FAE04EC0-301F-11D3-BF4B-00C04F79EFBC}") = "HotelService.Api", "HotelService.Api\HotelService.Api.csproj", "{7D7792AC-492D-49D7-9E88-D7817D43CBD1}"
EndProject
Project("{FAE04EC0-301F-11D3-BF4B-00C04F79EFBC}") = "CarService.Api", "CarService.Api\CarService.Api.csproj", "{DA065C51-55AA-4356-8FB0-BE0B37EB6B76}"
EndProject
Project("{FAE04EC0-301F-11D3-BF4B-00C04F79EFBC}") = "TrackingService", "TrackingService\TrackingService.csproj", "{7EF7A21A-8C8D-4F75-B55B-EB0BED95E266}"
EndProject
Project("{FAE04EC0-301F-11D3-BF4B-00C04F79EFBC}") = "GatewayService", "GatewayService\GatewayService.csproj", "{458A80E2-1EA9-4E1E-AD83-66B0EDC73AF4}"
EndProject
Project("{FAE04EC0-301F-11D3-BF4B-00C04F79EFBC}") = "Swagger", "Swagger\Swagger.csproj", "{3C36E7F9-DBA1-43E2-BBD6-CB6356B2E8D6}"
EndProject
Project("{2150E333-8FDC-42A3-9474-1A3956D46DE8}") = "CarService", "CarService", "{DB91B133-B4A7-4A75-AE07-1E5A41349975}"
EndProject
Project("{FAE04EC0-301F-11D3-BF4B-00C04F79EFBC}") = "CarService.Infrastructure", "CarService.Infrastructure\CarService.Infrastructure.csproj", "{BDE23CA2-F1EF-4EC5-BA77-2DCFF3BE3A7C}"
EndProject
Project("{FAE04EC0-301F-11D3-BF4B-00C04F79EFBC}") = "CarService.Domain", "CarService.Domain\CarService.Domain.csproj", "{963C43A7-FDD8-4F11-B63F-204526FC7626}"
EndProject
Project("{FAE04EC0-301F-11D3-BF4B-00C04F79EFBC}") = "CarService.Test", "CarService.Test\CarService.Test.csproj", "{5125C6E7-E9E9-488D-B6C1-1CB1073BFE6B}"
EndProject
Project("{FAE04EC0-301F-11D3-BF4B-00C04F79EFBC}") = "CarService.Contracts", "CarService.Contracts\CarService.Contracts.csproj", "{B10DED4E-1826-4045-A727-6A6F28926147}"
EndProject
Project("{2150E333-8FDC-42A3-9474-1A3956D46DE8}") = "HotelService", "HotelService", "{9C7B04AD-541F-4DF1-9432-54433B99F280}"
EndProject
Project("{FAE04EC0-301F-11D3-BF4B-00C04F79EFBC}") = "HotelService.Domain", "HotelService.Domain\HotelService.Domain.csproj", "{6AD71726-22DD-4F3C-85AC-75A4E69D4DC3}"
EndProject
Project("{FAE04EC0-301F-11D3-BF4B-00C04F79EFBC}") = "HotelService.Infrastructure", "HotelService.Infrastructure\HotelService.Infrastructure.csproj", "{D373EAA7-42B9-48E0-83C0-D9D3D31AD9DC}"
EndProject
Project("{FAE04EC0-301F-11D3-BF4B-00C04F79EFBC}") = "HotelService.Tests", "HotelService.Tests\HotelService.Tests.csproj", "{3022A739-E1FF-48B6-8517-631CC47E481E}"
EndProject
Project("{FAE04EC0-301F-11D3-BF4B-00C04F79EFBC}") = "HotelService.Contracts", "HotelService.Contracts\HotelService.Contracts.csproj", "{F6D40BF2-41C5-42E8-93C1-710A98406459}"
EndProject
Global
	GlobalSection(SolutionConfigurationPlatforms) = preSolution
		Debug|Any CPU = Debug|Any CPU
		Debug|x64 = Debug|x64
		Debug|x86 = Debug|x86
		Release|Any CPU = Release|Any CPU
		Release|x64 = Release|x64
		Release|x86 = Release|x86
	EndGlobalSection
	GlobalSection(SolutionProperties) = preSolution
		HideSolutionNode = FALSE
	EndGlobalSection
	GlobalSection(ProjectConfigurationPlatforms) = postSolution
		{CA65A5D9-3480-489C-8CE4-87813ACAF9EB}.Debug|Any CPU.ActiveCfg = Debug|Any CPU
		{CA65A5D9-3480-489C-8CE4-87813ACAF9EB}.Debug|Any CPU.Build.0 = Debug|Any CPU
		{CA65A5D9-3480-489C-8CE4-87813ACAF9EB}.Debug|x64.ActiveCfg = Debug|Any CPU
		{CA65A5D9-3480-489C-8CE4-87813ACAF9EB}.Debug|x64.Build.0 = Debug|Any CPU
		{CA65A5D9-3480-489C-8CE4-87813ACAF9EB}.Debug|x86.ActiveCfg = Debug|Any CPU
		{CA65A5D9-3480-489C-8CE4-87813ACAF9EB}.Debug|x86.Build.0 = Debug|Any CPU
		{CA65A5D9-3480-489C-8CE4-87813ACAF9EB}.Release|Any CPU.ActiveCfg = Release|Any CPU
		{CA65A5D9-3480-489C-8CE4-87813ACAF9EB}.Release|Any CPU.Build.0 = Release|Any CPU
		{CA65A5D9-3480-489C-8CE4-87813ACAF9EB}.Release|x64.ActiveCfg = Release|Any CPU
		{CA65A5D9-3480-489C-8CE4-87813ACAF9EB}.Release|x64.Build.0 = Release|Any CPU
		{CA65A5D9-3480-489C-8CE4-87813ACAF9EB}.Release|x86.ActiveCfg = Release|Any CPU
		{CA65A5D9-3480-489C-8CE4-87813ACAF9EB}.Release|x86.Build.0 = Release|Any CPU
		{C00635A7-2F9F-48E9-B723-5FE21963DEDD}.Debug|Any CPU.ActiveCfg = Debug|Any CPU
		{C00635A7-2F9F-48E9-B723-5FE21963DEDD}.Debug|Any CPU.Build.0 = Debug|Any CPU
		{C00635A7-2F9F-48E9-B723-5FE21963DEDD}.Debug|x64.ActiveCfg = Debug|Any CPU
		{C00635A7-2F9F-48E9-B723-5FE21963DEDD}.Debug|x64.Build.0 = Debug|Any CPU
		{C00635A7-2F9F-48E9-B723-5FE21963DEDD}.Debug|x86.ActiveCfg = Debug|Any CPU
		{C00635A7-2F9F-48E9-B723-5FE21963DEDD}.Debug|x86.Build.0 = Debug|Any CPU
		{C00635A7-2F9F-48E9-B723-5FE21963DEDD}.Release|Any CPU.ActiveCfg = Release|Any CPU
		{C00635A7-2F9F-48E9-B723-5FE21963DEDD}.Release|Any CPU.Build.0 = Release|Any CPU
		{C00635A7-2F9F-48E9-B723-5FE21963DEDD}.Release|x64.ActiveCfg = Release|Any CPU
		{C00635A7-2F9F-48E9-B723-5FE21963DEDD}.Release|x64.Build.0 = Release|Any CPU
		{C00635A7-2F9F-48E9-B723-5FE21963DEDD}.Release|x86.ActiveCfg = Release|Any CPU
		{C00635A7-2F9F-48E9-B723-5FE21963DEDD}.Release|x86.Build.0 = Release|Any CPU
		{E4A11142-5C8C-4488-A364-117FA9E17622}.Debug|Any CPU.ActiveCfg = Debug|Any CPU
		{E4A11142-5C8C-4488-A364-117FA9E17622}.Debug|Any CPU.Build.0 = Debug|Any CPU
		{E4A11142-5C8C-4488-A364-117FA9E17622}.Debug|x64.ActiveCfg = Debug|Any CPU
		{E4A11142-5C8C-4488-A364-117FA9E17622}.Debug|x64.Build.0 = Debug|Any CPU
		{E4A11142-5C8C-4488-A364-117FA9E17622}.Debug|x86.ActiveCfg = Debug|Any CPU
		{E4A11142-5C8C-4488-A364-117FA9E17622}.Debug|x86.Build.0 = Debug|Any CPU
		{E4A11142-5C8C-4488-A364-117FA9E17622}.Release|Any CPU.ActiveCfg = Release|Any CPU
		{E4A11142-5C8C-4488-A364-117FA9E17622}.Release|Any CPU.Build.0 = Release|Any CPU
		{E4A11142-5C8C-4488-A364-117FA9E17622}.Release|x64.ActiveCfg = Release|Any CPU
		{E4A11142-5C8C-4488-A364-117FA9E17622}.Release|x64.Build.0 = Release|Any CPU
		{E4A11142-5C8C-4488-A364-117FA9E17622}.Release|x86.ActiveCfg = Release|Any CPU
		{E4A11142-5C8C-4488-A364-117FA9E17622}.Release|x86.Build.0 = Release|Any CPU
		{2F6E0EFB-DB8A-4F91-8BAA-BD64C3E7C3CF}.Debug|Any CPU.ActiveCfg = Debug|Any CPU
		{2F6E0EFB-DB8A-4F91-8BAA-BD64C3E7C3CF}.Debug|Any CPU.Build.0 = Debug|Any CPU
		{2F6E0EFB-DB8A-4F91-8BAA-BD64C3E7C3CF}.Debug|x64.ActiveCfg = Debug|Any CPU
		{2F6E0EFB-DB8A-4F91-8BAA-BD64C3E7C3CF}.Debug|x64.Build.0 = Debug|Any CPU
		{2F6E0EFB-DB8A-4F91-8BAA-BD64C3E7C3CF}.Debug|x86.ActiveCfg = Debug|Any CPU
		{2F6E0EFB-DB8A-4F91-8BAA-BD64C3E7C3CF}.Debug|x86.Build.0 = Debug|Any CPU
		{2F6E0EFB-DB8A-4F91-8BAA-BD64C3E7C3CF}.Release|Any CPU.ActiveCfg = Release|Any CPU
		{2F6E0EFB-DB8A-4F91-8BAA-BD64C3E7C3CF}.Release|Any CPU.Build.0 = Release|Any CPU
		{2F6E0EFB-DB8A-4F91-8BAA-BD64C3E7C3CF}.Release|x64.ActiveCfg = Release|Any CPU
		{2F6E0EFB-DB8A-4F91-8BAA-BD64C3E7C3CF}.Release|x64.Build.0 = Release|Any CPU
		{2F6E0EFB-DB8A-4F91-8BAA-BD64C3E7C3CF}.Release|x86.ActiveCfg = Release|Any CPU
		{2F6E0EFB-DB8A-4F91-8BAA-BD64C3E7C3CF}.Release|x86.Build.0 = Release|Any CPU
		{7D7792AC-492D-49D7-9E88-D7817D43CBD1}.Debug|Any CPU.ActiveCfg = Debug|Any CPU
		{7D7792AC-492D-49D7-9E88-D7817D43CBD1}.Debug|Any CPU.Build.0 = Debug|Any CPU
		{7D7792AC-492D-49D7-9E88-D7817D43CBD1}.Debug|x64.ActiveCfg = Debug|Any CPU
		{7D7792AC-492D-49D7-9E88-D7817D43CBD1}.Debug|x64.Build.0 = Debug|Any CPU
		{7D7792AC-492D-49D7-9E88-D7817D43CBD1}.Debug|x86.ActiveCfg = Debug|Any CPU
		{7D7792AC-492D-49D7-9E88-D7817D43CBD1}.Debug|x86.Build.0 = Debug|Any CPU
		{7D7792AC-492D-49D7-9E88-D7817D43CBD1}.Release|Any CPU.ActiveCfg = Release|Any CPU
		{7D7792AC-492D-49D7-9E88-D7817D43CBD1}.Release|Any CPU.Build.0 = Release|Any CPU
		{7D7792AC-492D-49D7-9E88-D7817D43CBD1}.Release|x64.ActiveCfg = Release|Any CPU
		{7D7792AC-492D-49D7-9E88-D7817D43CBD1}.Release|x64.Build.0 = Release|Any CPU
		{7D7792AC-492D-49D7-9E88-D7817D43CBD1}.Release|x86.ActiveCfg = Release|Any CPU
		{7D7792AC-492D-49D7-9E88-D7817D43CBD1}.Release|x86.Build.0 = Release|Any CPU
		{DA065C51-55AA-4356-8FB0-BE0B37EB6B76}.Debug|Any CPU.ActiveCfg = Debug|Any CPU
		{DA065C51-55AA-4356-8FB0-BE0B37EB6B76}.Debug|Any CPU.Build.0 = Debug|Any CPU
		{DA065C51-55AA-4356-8FB0-BE0B37EB6B76}.Debug|x64.ActiveCfg = Debug|Any CPU
		{DA065C51-55AA-4356-8FB0-BE0B37EB6B76}.Debug|x64.Build.0 = Debug|Any CPU
		{DA065C51-55AA-4356-8FB0-BE0B37EB6B76}.Debug|x86.ActiveCfg = Debug|Any CPU
		{DA065C51-55AA-4356-8FB0-BE0B37EB6B76}.Debug|x86.Build.0 = Debug|Any CPU
		{DA065C51-55AA-4356-8FB0-BE0B37EB6B76}.Release|Any CPU.ActiveCfg = Release|Any CPU
		{DA065C51-55AA-4356-8FB0-BE0B37EB6B76}.Release|Any CPU.Build.0 = Release|Any CPU
		{DA065C51-55AA-4356-8FB0-BE0B37EB6B76}.Release|x64.ActiveCfg = Release|Any CPU
		{DA065C51-55AA-4356-8FB0-BE0B37EB6B76}.Release|x64.Build.0 = Release|Any CPU
		{DA065C51-55AA-4356-8FB0-BE0B37EB6B76}.Release|x86.ActiveCfg = Release|Any CPU
		{DA065C51-55AA-4356-8FB0-BE0B37EB6B76}.Release|x86.Build.0 = Release|Any CPU
		{7EF7A21A-8C8D-4F75-B55B-EB0BED95E266}.Debug|Any CPU.ActiveCfg = Debug|Any CPU
		{7EF7A21A-8C8D-4F75-B55B-EB0BED95E266}.Debug|Any CPU.Build.0 = Debug|Any CPU
		{7EF7A21A-8C8D-4F75-B55B-EB0BED95E266}.Debug|x64.ActiveCfg = Debug|Any CPU
		{7EF7A21A-8C8D-4F75-B55B-EB0BED95E266}.Debug|x64.Build.0 = Debug|Any CPU
		{7EF7A21A-8C8D-4F75-B55B-EB0BED95E266}.Debug|x86.ActiveCfg = Debug|Any CPU
		{7EF7A21A-8C8D-4F75-B55B-EB0BED95E266}.Debug|x86.Build.0 = Debug|Any CPU
		{7EF7A21A-8C8D-4F75-B55B-EB0BED95E266}.Release|Any CPU.ActiveCfg = Release|Any CPU
		{7EF7A21A-8C8D-4F75-B55B-EB0BED95E266}.Release|Any CPU.Build.0 = Release|Any CPU
		{7EF7A21A-8C8D-4F75-B55B-EB0BED95E266}.Release|x64.ActiveCfg = Release|Any CPU
		{7EF7A21A-8C8D-4F75-B55B-EB0BED95E266}.Release|x64.Build.0 = Release|Any CPU
		{7EF7A21A-8C8D-4F75-B55B-EB0BED95E266}.Release|x86.ActiveCfg = Release|Any CPU
		{7EF7A21A-8C8D-4F75-B55B-EB0BED95E266}.Release|x86.Build.0 = Release|Any CPU
		{458A80E2-1EA9-4E1E-AD83-66B0EDC73AF4}.Debug|Any CPU.ActiveCfg = Debug|Any CPU
		{458A80E2-1EA9-4E1E-AD83-66B0EDC73AF4}.Debug|Any CPU.Build.0 = Debug|Any CPU
		{458A80E2-1EA9-4E1E-AD83-66B0EDC73AF4}.Debug|x64.ActiveCfg = Debug|Any CPU
		{458A80E2-1EA9-4E1E-AD83-66B0EDC73AF4}.Debug|x64.Build.0 = Debug|Any CPU
		{458A80E2-1EA9-4E1E-AD83-66B0EDC73AF4}.Debug|x86.ActiveCfg = Debug|Any CPU
		{458A80E2-1EA9-4E1E-AD83-66B0EDC73AF4}.Debug|x86.Build.0 = Debug|Any CPU
		{458A80E2-1EA9-4E1E-AD83-66B0EDC73AF4}.Release|Any CPU.ActiveCfg = Release|Any CPU
		{458A80E2-1EA9-4E1E-AD83-66B0EDC73AF4}.Release|Any CPU.Build.0 = Release|Any CPU
		{458A80E2-1EA9-4E1E-AD83-66B0EDC73AF4}.Release|x64.ActiveCfg = Release|Any CPU
		{458A80E2-1EA9-4E1E-AD83-66B0EDC73AF4}.Release|x64.Build.0 = Release|Any CPU
		{458A80E2-1EA9-4E1E-AD83-66B0EDC73AF4}.Release|x86.ActiveCfg = Release|Any CPU
		{458A80E2-1EA9-4E1E-AD83-66B0EDC73AF4}.Release|x86.Build.0 = Release|Any CPU
		{3C36E7F9-DBA1-43E2-BBD6-CB6356B2E8D6}.Debug|Any CPU.ActiveCfg = Debug|Any CPU
		{3C36E7F9-DBA1-43E2-BBD6-CB6356B2E8D6}.Debug|Any CPU.Build.0 = Debug|Any CPU
		{3C36E7F9-DBA1-43E2-BBD6-CB6356B2E8D6}.Debug|x64.ActiveCfg = Debug|Any CPU
		{3C36E7F9-DBA1-43E2-BBD6-CB6356B2E8D6}.Debug|x64.Build.0 = Debug|Any CPU
		{3C36E7F9-DBA1-43E2-BBD6-CB6356B2E8D6}.Debug|x86.ActiveCfg = Debug|Any CPU
		{3C36E7F9-DBA1-43E2-BBD6-CB6356B2E8D6}.Debug|x86.Build.0 = Debug|Any CPU
		{3C36E7F9-DBA1-43E2-BBD6-CB6356B2E8D6}.Release|Any CPU.ActiveCfg = Release|Any CPU
		{3C36E7F9-DBA1-43E2-BBD6-CB6356B2E8D6}.Release|Any CPU.Build.0 = Release|Any CPU
		{3C36E7F9-DBA1-43E2-BBD6-CB6356B2E8D6}.Release|x64.ActiveCfg = Release|Any CPU
		{3C36E7F9-DBA1-43E2-BBD6-CB6356B2E8D6}.Release|x64.Build.0 = Release|Any CPU
		{3C36E7F9-DBA1-43E2-BBD6-CB6356B2E8D6}.Release|x86.ActiveCfg = Release|Any CPU
		{3C36E7F9-DBA1-43E2-BBD6-CB6356B2E8D6}.Release|x86.Build.0 = Release|Any CPU
		{BDE23CA2-F1EF-4EC5-BA77-2DCFF3BE3A7C}.Debug|Any CPU.ActiveCfg = Debug|Any CPU
		{BDE23CA2-F1EF-4EC5-BA77-2DCFF3BE3A7C}.Debug|Any CPU.Build.0 = Debug|Any CPU
		{BDE23CA2-F1EF-4EC5-BA77-2DCFF3BE3A7C}.Debug|x64.ActiveCfg = Debug|Any CPU
		{BDE23CA2-F1EF-4EC5-BA77-2DCFF3BE3A7C}.Debug|x64.Build.0 = Debug|Any CPU
		{BDE23CA2-F1EF-4EC5-BA77-2DCFF3BE3A7C}.Debug|x86.ActiveCfg = Debug|Any CPU
		{BDE23CA2-F1EF-4EC5-BA77-2DCFF3BE3A7C}.Debug|x86.Build.0 = Debug|Any CPU
		{BDE23CA2-F1EF-4EC5-BA77-2DCFF3BE3A7C}.Release|Any CPU.ActiveCfg = Release|Any CPU
		{BDE23CA2-F1EF-4EC5-BA77-2DCFF3BE3A7C}.Release|Any CPU.Build.0 = Release|Any CPU
		{BDE23CA2-F1EF-4EC5-BA77-2DCFF3BE3A7C}.Release|x64.ActiveCfg = Release|Any CPU
		{BDE23CA2-F1EF-4EC5-BA77-2DCFF3BE3A7C}.Release|x64.Build.0 = Release|Any CPU
		{BDE23CA2-F1EF-4EC5-BA77-2DCFF3BE3A7C}.Release|x86.ActiveCfg = Release|Any CPU
		{BDE23CA2-F1EF-4EC5-BA77-2DCFF3BE3A7C}.Release|x86.Build.0 = Release|Any CPU
		{963C43A7-FDD8-4F11-B63F-204526FC7626}.Debug|Any CPU.ActiveCfg = Debug|Any CPU
		{963C43A7-FDD8-4F11-B63F-204526FC7626}.Debug|Any CPU.Build.0 = Debug|Any CPU
		{963C43A7-FDD8-4F11-B63F-204526FC7626}.Debug|x64.ActiveCfg = Debug|Any CPU
		{963C43A7-FDD8-4F11-B63F-204526FC7626}.Debug|x64.Build.0 = Debug|Any CPU
		{963C43A7-FDD8-4F11-B63F-204526FC7626}.Debug|x86.ActiveCfg = Debug|Any CPU
		{963C43A7-FDD8-4F11-B63F-204526FC7626}.Debug|x86.Build.0 = Debug|Any CPU
		{963C43A7-FDD8-4F11-B63F-204526FC7626}.Release|Any CPU.ActiveCfg = Release|Any CPU
		{963C43A7-FDD8-4F11-B63F-204526FC7626}.Release|Any CPU.Build.0 = Release|Any CPU
		{963C43A7-FDD8-4F11-B63F-204526FC7626}.Release|x64.ActiveCfg = Release|Any CPU
		{963C43A7-FDD8-4F11-B63F-204526FC7626}.Release|x64.Build.0 = Release|Any CPU
		{963C43A7-FDD8-4F11-B63F-204526FC7626}.Release|x86.ActiveCfg = Release|Any CPU
		{963C43A7-FDD8-4F11-B63F-204526FC7626}.Release|x86.Build.0 = Release|Any CPU
		{5125C6E7-E9E9-488D-B6C1-1CB1073BFE6B}.Debug|Any CPU.ActiveCfg = Debug|Any CPU
		{5125C6E7-E9E9-488D-B6C1-1CB1073BFE6B}.Debug|Any CPU.Build.0 = Debug|Any CPU
		{5125C6E7-E9E9-488D-B6C1-1CB1073BFE6B}.Debug|x64.ActiveCfg = Debug|Any CPU
		{5125C6E7-E9E9-488D-B6C1-1CB1073BFE6B}.Debug|x64.Build.0 = Debug|Any CPU
		{5125C6E7-E9E9-488D-B6C1-1CB1073BFE6B}.Debug|x86.ActiveCfg = Debug|Any CPU
		{5125C6E7-E9E9-488D-B6C1-1CB1073BFE6B}.Debug|x86.Build.0 = Debug|Any CPU
		{5125C6E7-E9E9-488D-B6C1-1CB1073BFE6B}.Release|Any CPU.ActiveCfg = Release|Any CPU
		{5125C6E7-E9E9-488D-B6C1-1CB1073BFE6B}.Release|Any CPU.Build.0 = Release|Any CPU
		{5125C6E7-E9E9-488D-B6C1-1CB1073BFE6B}.Release|x64.ActiveCfg = Release|Any CPU
		{5125C6E7-E9E9-488D-B6C1-1CB1073BFE6B}.Release|x64.Build.0 = Release|Any CPU
		{5125C6E7-E9E9-488D-B6C1-1CB1073BFE6B}.Release|x86.ActiveCfg = Release|Any CPU
		{5125C6E7-E9E9-488D-B6C1-1CB1073BFE6B}.Release|x86.Build.0 = Release|Any CPU
		{B10DED4E-1826-4045-A727-6A6F28926147}.Debug|Any CPU.ActiveCfg = Debug|Any CPU
		{B10DED4E-1826-4045-A727-6A6F28926147}.Debug|Any CPU.Build.0 = Debug|Any CPU
		{B10DED4E-1826-4045-A727-6A6F28926147}.Debug|x64.ActiveCfg = Debug|Any CPU
		{B10DED4E-1826-4045-A727-6A6F28926147}.Debug|x64.Build.0 = Debug|Any CPU
		{B10DED4E-1826-4045-A727-6A6F28926147}.Debug|x86.ActiveCfg = Debug|Any CPU
		{B10DED4E-1826-4045-A727-6A6F28926147}.Debug|x86.Build.0 = Debug|Any CPU
		{B10DED4E-1826-4045-A727-6A6F28926147}.Release|Any CPU.ActiveCfg = Release|Any CPU
		{B10DED4E-1826-4045-A727-6A6F28926147}.Release|Any CPU.Build.0 = Release|Any CPU
		{B10DED4E-1826-4045-A727-6A6F28926147}.Release|x64.ActiveCfg = Release|Any CPU
		{B10DED4E-1826-4045-A727-6A6F28926147}.Release|x64.Build.0 = Release|Any CPU
		{B10DED4E-1826-4045-A727-6A6F28926147}.Release|x86.ActiveCfg = Release|Any CPU
		{B10DED4E-1826-4045-A727-6A6F28926147}.Release|x86.Build.0 = Release|Any CPU
		{6AD71726-22DD-4F3C-85AC-75A4E69D4DC3}.Debug|Any CPU.ActiveCfg = Debug|Any CPU
		{6AD71726-22DD-4F3C-85AC-75A4E69D4DC3}.Debug|Any CPU.Build.0 = Debug|Any CPU
		{6AD71726-22DD-4F3C-85AC-75A4E69D4DC3}.Debug|x64.ActiveCfg = Debug|Any CPU
		{6AD71726-22DD-4F3C-85AC-75A4E69D4DC3}.Debug|x64.Build.0 = Debug|Any CPU
		{6AD71726-22DD-4F3C-85AC-75A4E69D4DC3}.Debug|x86.ActiveCfg = Debug|Any CPU
		{6AD71726-22DD-4F3C-85AC-75A4E69D4DC3}.Debug|x86.Build.0 = Debug|Any CPU
		{6AD71726-22DD-4F3C-85AC-75A4E69D4DC3}.Release|Any CPU.ActiveCfg = Release|Any CPU
		{6AD71726-22DD-4F3C-85AC-75A4E69D4DC3}.Release|Any CPU.Build.0 = Release|Any CPU
		{6AD71726-22DD-4F3C-85AC-75A4E69D4DC3}.Release|x64.ActiveCfg = Release|Any CPU
		{6AD71726-22DD-4F3C-85AC-75A4E69D4DC3}.Release|x64.Build.0 = Release|Any CPU
		{6AD71726-22DD-4F3C-85AC-75A4E69D4DC3}.Release|x86.ActiveCfg = Release|Any CPU
		{6AD71726-22DD-4F3C-85AC-75A4E69D4DC3}.Release|x86.Build.0 = Release|Any CPU
		{D373EAA7-42B9-48E0-83C0-D9D3D31AD9DC}.Debug|Any CPU.ActiveCfg = Debug|Any CPU
		{D373EAA7-42B9-48E0-83C0-D9D3D31AD9DC}.Debug|Any CPU.Build.0 = Debug|Any CPU
		{D373EAA7-42B9-48E0-83C0-D9D3D31AD9DC}.Debug|x64.ActiveCfg = Debug|Any CPU
		{D373EAA7-42B9-48E0-83C0-D9D3D31AD9DC}.Debug|x64.Build.0 = Debug|Any CPU
		{D373EAA7-42B9-48E0-83C0-D9D3D31AD9DC}.Debug|x86.ActiveCfg = Debug|Any CPU
		{D373EAA7-42B9-48E0-83C0-D9D3D31AD9DC}.Debug|x86.Build.0 = Debug|Any CPU
		{D373EAA7-42B9-48E0-83C0-D9D3D31AD9DC}.Release|Any CPU.ActiveCfg = Release|Any CPU
		{D373EAA7-42B9-48E0-83C0-D9D3D31AD9DC}.Release|Any CPU.Build.0 = Release|Any CPU
		{D373EAA7-42B9-48E0-83C0-D9D3D31AD9DC}.Release|x64.ActiveCfg = Release|Any CPU
		{D373EAA7-42B9-48E0-83C0-D9D3D31AD9DC}.Release|x64.Build.0 = Release|Any CPU
		{D373EAA7-42B9-48E0-83C0-D9D3D31AD9DC}.Release|x86.ActiveCfg = Release|Any CPU
		{D373EAA7-42B9-48E0-83C0-D9D3D31AD9DC}.Release|x86.Build.0 = Release|Any CPU
		{3022A739-E1FF-48B6-8517-631CC47E481E}.Debug|Any CPU.ActiveCfg = Debug|Any CPU
		{3022A739-E1FF-48B6-8517-631CC47E481E}.Debug|Any CPU.Build.0 = Debug|Any CPU
		{3022A739-E1FF-48B6-8517-631CC47E481E}.Debug|x64.ActiveCfg = Debug|Any CPU
		{3022A739-E1FF-48B6-8517-631CC47E481E}.Debug|x64.Build.0 = Debug|Any CPU
		{3022A739-E1FF-48B6-8517-631CC47E481E}.Debug|x86.ActiveCfg = Debug|Any CPU
		{3022A739-E1FF-48B6-8517-631CC47E481E}.Debug|x86.Build.0 = Debug|Any CPU
		{3022A739-E1FF-48B6-8517-631CC47E481E}.Release|Any CPU.ActiveCfg = Release|Any CPU
		{3022A739-E1FF-48B6-8517-631CC47E481E}.Release|Any CPU.Build.0 = Release|Any CPU
		{3022A739-E1FF-48B6-8517-631CC47E481E}.Release|x64.ActiveCfg = Release|Any CPU
		{3022A739-E1FF-48B6-8517-631CC47E481E}.Release|x64.Build.0 = Release|Any CPU
		{3022A739-E1FF-48B6-8517-631CC47E481E}.Release|x86.ActiveCfg = Release|Any CPU
		{3022A739-E1FF-48B6-8517-631CC47E481E}.Release|x86.Build.0 = Release|Any CPU
		{F6D40BF2-41C5-42E8-93C1-710A98406459}.Debug|Any CPU.ActiveCfg = Debug|Any CPU
		{F6D40BF2-41C5-42E8-93C1-710A98406459}.Debug|Any CPU.Build.0 = Debug|Any CPU
		{F6D40BF2-41C5-42E8-93C1-710A98406459}.Debug|x64.ActiveCfg = Debug|Any CPU
		{F6D40BF2-41C5-42E8-93C1-710A98406459}.Debug|x64.Build.0 = Debug|Any CPU
		{F6D40BF2-41C5-42E8-93C1-710A98406459}.Debug|x86.ActiveCfg = Debug|Any CPU
		{F6D40BF2-41C5-42E8-93C1-710A98406459}.Debug|x86.Build.0 = Debug|Any CPU
		{F6D40BF2-41C5-42E8-93C1-710A98406459}.Release|Any CPU.ActiveCfg = Release|Any CPU
		{F6D40BF2-41C5-42E8-93C1-710A98406459}.Release|Any CPU.Build.0 = Release|Any CPU
		{F6D40BF2-41C5-42E8-93C1-710A98406459}.Release|x64.ActiveCfg = Release|Any CPU
		{F6D40BF2-41C5-42E8-93C1-710A98406459}.Release|x64.Build.0 = Release|Any CPU
		{F6D40BF2-41C5-42E8-93C1-710A98406459}.Release|x86.ActiveCfg = Release|Any CPU
		{F6D40BF2-41C5-42E8-93C1-710A98406459}.Release|x86.Build.0 = Release|Any CPU
	EndGlobalSection
	GlobalSection(NestedProjects) = preSolution
		{DA065C51-55AA-4356-8FB0-BE0B37EB6B76} = {DB91B133-B4A7-4A75-AE07-1E5A41349975}
		{BDE23CA2-F1EF-4EC5-BA77-2DCFF3BE3A7C} = {DB91B133-B4A7-4A75-AE07-1E5A41349975}
		{963C43A7-FDD8-4F11-B63F-204526FC7626} = {DB91B133-B4A7-4A75-AE07-1E5A41349975}
		{5125C6E7-E9E9-488D-B6C1-1CB1073BFE6B} = {DB91B133-B4A7-4A75-AE07-1E5A41349975}
		{B10DED4E-1826-4045-A727-6A6F28926147} = {DB91B133-B4A7-4A75-AE07-1E5A41349975}
		{6AD71726-22DD-4F3C-85AC-75A4E69D4DC3} = {9C7B04AD-541F-4DF1-9432-54433B99F280}
		{D373EAA7-42B9-48E0-83C0-D9D3D31AD9DC} = {9C7B04AD-541F-4DF1-9432-54433B99F280}
		{3022A739-E1FF-48B6-8517-631CC47E481E} = {9C7B04AD-541F-4DF1-9432-54433B99F280}
		{7D7792AC-492D-49D7-9E88-D7817D43CBD1} = {9C7B04AD-541F-4DF1-9432-54433B99F280}
		{F6D40BF2-41C5-42E8-93C1-710A98406459} = {9C7B04AD-541F-4DF1-9432-54433B99F280}
	EndGlobalSection
EndGlobal
