Microsoft Visual Studio Solution File, Format Version 12.00
# Visual Studio Version 16
VisualStudioVersion = 16.0.30114.105
MinimumVisualStudioVersion = 10.0.40219.1
Project("{FAE04EC0-301F-11D3-BF4B-00C04F79EFBC}") = "EventDispatcher", "EventDispatcher/EventDispatcher.Core\EventDispatcher.Core.csproj", "{C00635A7-2F9F-48E9-B723-5FE21963DEDD}"
EndProject
Project("{FAE04EC0-301F-11D3-BF4B-00C04F79EFBC}") = "VacationService.Api", "VacationService/VacationService.Api\VacationService.Api.csproj", "{E4A11142-5C8C-4488-A364-117FA9E17622}"
EndProject
Project("{FAE04EC0-301F-11D3-BF4B-00C04F79EFBC}") = "FlightService.Api", "FlightService/FlightService.Api\FlightService.Api.csproj", "{2F6E0EFB-DB8A-4F91-8BAA-BD64C3E7C3CF}"
EndProject
Project("{FAE04EC0-301F-11D3-BF4B-00C04F79EFBC}") = "HotelService.Api", "HotelService/HotelService.Api\HotelService.Api.csproj", "{7D7792AC-492D-49D7-9E88-D7817D43CBD1}"
EndProject
Project("{FAE04EC0-301F-11D3-BF4B-00C04F79EFBC}") = "CarService.Api", "CarService/CarService.Api\CarService.Api.csproj", "{DA065C51-55AA-4356-8FB0-BE0B37EB6B76}"
EndProject
Project("{FAE04EC0-301F-11D3-BF4B-00C04F79EFBC}") = "GatewayService.Api", "GatewayService/GatewayService.Api\GatewayService.Api.csproj", "{458A80E2-1EA9-4E1E-AD83-66B0EDC73AF4}"
EndProject
Project("{2150E333-8FDC-42A3-9474-1A3956D46DE8}") = "CarService", "CarService", "{DB91B133-B4A7-4A75-AE07-1E5A41349975}"
EndProject
Project("{FAE04EC0-301F-11D3-BF4B-00C04F79EFBC}") = "CarService.Infrastructure", "CarService/CarService.Infrastructure\CarService.Infrastructure.csproj", "{BDE23CA2-F1EF-4EC5-BA77-2DCFF3BE3A7C}"
EndProject
Project("{FAE04EC0-301F-11D3-BF4B-00C04F79EFBC}") = "CarService.Domain", "CarService/CarService.Domain\CarService.Domain.csproj", "{963C43A7-FDD8-4F11-B63F-204526FC7626}"
EndProject
Project("{FAE04EC0-301F-11D3-BF4B-00C04F79EFBC}") = "CarService.Tests", "CarService/CarService.Tests\CarService.Tests.csproj", "{5125C6E7-E9E9-488D-B6C1-1CB1073BFE6B}"
EndProject
Project("{FAE04EC0-301F-11D3-BF4B-00C04F79EFBC}") = "CarService.Contracts", "CarService/CarService.Contracts\CarService.Contracts.csproj", "{B10DED4E-1826-4045-A727-6A6F28926147}"
EndProject
Project("{2150E333-8FDC-42A3-9474-1A3956D46DE8}") = "HotelService", "HotelService", "{9C7B04AD-541F-4DF1-9432-54433B99F280}"
EndProject
Project("{FAE04EC0-301F-11D3-BF4B-00C04F79EFBC}") = "HotelService.Domain", "HotelService/HotelService.Domain\HotelService.Domain.csproj", "{6AD71726-22DD-4F3C-85AC-75A4E69D4DC3}"
EndProject
Project("{FAE04EC0-301F-11D3-BF4B-00C04F79EFBC}") = "HotelService.Infrastructure", "HotelService/HotelService.Infrastructure\HotelService.Infrastructure.csproj", "{D373EAA7-42B9-48E0-83C0-D9D3D31AD9DC}"
EndProject
Project("{FAE04EC0-301F-11D3-BF4B-00C04F79EFBC}") = "HotelService.Tests", "HotelService/HotelService.Tests\HotelService.Tests.csproj", "{3022A739-E1FF-48B6-8517-631CC47E481E}"
EndProject
Project("{FAE04EC0-301F-11D3-BF4B-00C04F79EFBC}") = "HotelService.Contracts", "HotelService/HotelService.Contracts\HotelService.Contracts.csproj", "{F6D40BF2-41C5-42E8-93C1-710A98406459}"
EndProject
Project("{2150E333-8FDC-42A3-9474-1A3956D46DE8}") = "FlightService", "FlightService", "{C6AA2E79-00D2-4EBE-9BB3-EEB714DA6BB3}"
EndProject
Project("{FAE04EC0-301F-11D3-BF4B-00C04F79EFBC}") = "FlightService.Contracts", "FlightService/FlightService.Contracts\FlightService.Contracts.csproj", "{125E6E9E-D6FB-45D6-AA10-ECBADD78E623}"
EndProject
Project("{FAE04EC0-301F-11D3-BF4B-00C04F79EFBC}") = "FlightService.Domain", "FlightService/FlightService.Domain\FlightService.Domain.csproj", "{D511E27A-D834-4DDA-9259-3DC989454554}"
EndProject
Project("{FAE04EC0-301F-11D3-BF4B-00C04F79EFBC}") = "FlightService.Infrastructure", "FlightService/FlightService.Infrastructure\FlightService.Infrastructure.csproj", "{2EA9C0CE-6A7D-4504-A972-96A129F67872}"
EndProject
Project("{FAE04EC0-301F-11D3-BF4B-00C04F79EFBC}") = "FlightService.Tests", "FlightService/FlightService.Tests\FlightService.Tests.csproj", "{974143DF-FA81-495E-99A6-7F8A3E133FC4}"
EndProject
Project("{2150E333-8FDC-42A3-9474-1A3956D46DE8}") = "GatewayService", "GatewayService", "{7B62C146-EAA2-4B43-BD43-AC359407A42F}"
EndProject
Project("{2150E333-8FDC-42A3-9474-1A3956D46DE8}") = "TrackingService", "TrackingService", "{206E1704-5230-4F31-9B2D-69F310BFFC6B}"
EndProject
Project("{FAE04EC0-301F-11D3-BF4B-00C04F79EFBC}") = "TrackingService.Infrastructure", "TrackingService/TrackingService.Infrastructure\TrackingService.Infrastructure.csproj", "{20D76BBD-A33B-499C-BD98-7A184598A292}"
EndProject
Project("{2150E333-8FDC-42A3-9474-1A3956D46DE8}") = "VacationService", "VacationService", "{17C4760F-7243-4FDB-AAF8-0FD757852377}"
EndProject
Project("{FAE04EC0-301F-11D3-BF4B-00C04F79EFBC}") = "VacationService.Contracts", "VacationService/VacationService.Contracts\VacationService.Contracts.csproj", "{4D95CD4B-0F31-454E-99CD-B2BF4125A3CE}"
EndProject
Project("{FAE04EC0-301F-11D3-BF4B-00C04F79EFBC}") = "TicketService.Api", "TicketService\TicketService.Api\TicketService.Api.csproj", "{3141F32E-15ED-4E7E-9653-389C18A8B95C}"
EndProject
Project("{2150E333-8FDC-42A3-9474-1A3956D46DE8}") = "TicketService", "TicketService", "{210DD09A-74CA-4816-B9E7-D2F0DADA1C94}"
EndProject
Project("{FAE04EC0-301F-11D3-BF4B-00C04F79EFBC}") = "TicketService.Contracts", "TicketService\TicketService.Contracts\TicketService.Contracts.csproj", "{FD93183D-A704-49E7-AC95-E9215BC3D2B9}"
EndProject
Project("{FAE04EC0-301F-11D3-BF4B-00C04F79EFBC}") = "TicketService.Domain", "TicketService\TicketService.Domain\TicketService.Domain.csproj", "{43FB8E5B-8A5E-4085-9FFC-5859E522E04F}"
EndProject
Project("{FAE04EC0-301F-11D3-BF4B-00C04F79EFBC}") = "TicketService.Infrastructure", "TicketService\TicketService.Infrastructure\TicketService.Infrastructure.csproj", "{67CBA474-8EE2-444C-BCA0-05C1A936CFFD}"
EndProject
Project("{FAE04EC0-301F-11D3-BF4B-00C04F79EFBC}") = "TicketService.Tests", "TicketService\TicketService.Tests\TicketService.Tests.csproj", "{EFD8D234-C54D-4E47-8233-4CA30C6C383F}"
EndProject
Project("{FAE04EC0-301F-11D3-BF4B-00C04F79EFBC}") = "TrackingService.Tests", "TrackingService\TrackingService.Tests\TrackingService.Tests.csproj", "{BE178D0F-EC26-467A-9D2F-AD990578DB3D}"
EndProject
Project("{FAE04EC0-301F-11D3-BF4B-00C04F79EFBC}") = "Mediator.Core", "Mediator\Mediator.Core\Mediator.Core.csproj", "{D16191CA-F809-4FB1-B3FF-7FBA1B344ECE}"
EndProject
Project("{FAE04EC0-301F-11D3-BF4B-00C04F79EFBC}") = "TrackingService.Domain", "TrackingService\TrackingService.Domain\TrackingService.Domain.csproj", "{6CB547B3-0419-4F32-96C8-3D4C878904F2}"
EndProject
Project("{FAE04EC0-301F-11D3-BF4B-00C04F79EFBC}") = "TrackingService.Contracts", "TrackingService\TrackingService.Contracts\TrackingService.Contracts.csproj", "{025C23CF-7AF2-4D7C-9D33-D56D342E856B}"
EndProject
Project("{FAE04EC0-301F-11D3-BF4B-00C04F79EFBC}") = "TrackingService.Api", "TrackingService\TrackingService.Api\TrackingService.Api.csproj", "{EBC2841B-3126-47E1-9888-C6F3B3496BD8}"
EndProject
Project("{FAE04EC0-301F-11D3-BF4B-00C04F79EFBC}") = "Logging.Core", "Logging\Logging.Core\Logging.Core.csproj", "{D3D9D386-6053-4841-A70F-9B8B02C62AA9}"
EndProject
Project("{FAE04EC0-301F-11D3-BF4B-00C04F79EFBC}") = "DocumentClient", "DocumentClient\DocumentClient.Core\DocumentClient.Core.csproj", "{116AEA56-AF50-49B7-9F00-872B82B78DD7}"
EndProject
Project("{FAE04EC0-301F-11D3-BF4B-00C04F79EFBC}") = "DocumentClient.Tests", "DocumentClient\DocumentClient.Tests\DocumentClient.Tests.csproj", "{165F424A-87E7-4321-B6A6-ECBE59021BA0}"
EndProject
Project("{2150E333-8FDC-42A3-9474-1A3956D46DE8}") = "DocumentClient", "DocumentClient", "{74488A72-82B8-4A94-8C36-510D46C2138A}"
EndProject
Project("{FAE04EC0-301F-11D3-BF4B-00C04F79EFBC}") = "Logging.Api", "Logging\Logging.Api\Logging.Api.csproj", "{280BE564-E4DE-46FD-AD95-284E913DB9EB}"
EndProject
Project("{2150E333-8FDC-42A3-9474-1A3956D46DE8}") = "Logging", "Logging", "{D820FC23-A6FD-4741-B1EB-C34CCAC741CB}"
EndProject
Project("{FAE04EC0-301F-11D3-BF4B-00C04F79EFBC}") = "HealthCheck.Core", "HealthCheck\HealthCheck.Core\HealthCheck.Core.csproj", "{982FF9DD-9190-481C-98DA-95B05055A49F}"
EndProject
Project("{2150E333-8FDC-42A3-9474-1A3956D46DE8}") = "EventDispatcher", "EventDispatcher", "{14B38795-AA8A-4F6B-BFC2-C07A3C9ED0F6}"
EndProject
Project("{2150E333-8FDC-42A3-9474-1A3956D46DE8}") = "HealthCheck", "HealthCheck", "{12B14152-34D1-4A0A-88F2-DFBDACC13B20}"
EndProject
Project("{2150E333-8FDC-42A3-9474-1A3956D46DE8}") = "Mediator", "Mediator", "{444FA222-26CB-48C4-AC4F-E739AE9A45DB}"
EndProject
Project("{FAE04EC0-301F-11D3-BF4B-00C04F79EFBC}") = "VacationService.Infrastructure", "VacationService\VacationService.Infrastructure\VacationService.Infrastructure.csproj", "{BE2FBA6B-E34B-4A15-B539-6DE4E6320E3F}"
EndProject
Project("{FAE04EC0-301F-11D3-BF4B-00C04F79EFBC}") = "VacationService.Tests", "VacationService\VacationService.Tests\VacationService.Tests.csproj", "{E08E6BC7-014F-4097-84CF-F06246C5FFA9}"
EndProject
Project("{2150E333-8FDC-42A3-9474-1A3956D46DE8}") = "Test", "Test", "{86504C19-4D3C-4E03-B702-28B38504C595}"
EndProject
Project("{FAE04EC0-301F-11D3-BF4B-00C04F79EFBC}") = "LoadConsole", "Test\LoadConsole\LoadConsole.csproj", "{B85230A5-52CF-4531-88A6-AEF696E73AF1}"
EndProject
Project("{FAE04EC0-301F-11D3-BF4B-00C04F79EFBC}") = "IntegrationConsole", "Test\IntegrationConsole\IntegrationConsole.csproj", "{3250EF3D-07C9-40C0-9169-4A9F41DCC6BA}"
EndProject
Project("{FAE04EC0-301F-11D3-BF4B-00C04F79EFBC}") = "Core", "Test\Core\Core.csproj", "{E7C14993-4384-4BFD-B92E-25DE0096DC08}"
EndProject
Global
	GlobalSection(SolutionConfigurationPlatforms) = preSolution
		Debug|Any CPU = Debug|Any CPU
		Debug|x64 = Debug|x64
		Debug|x86 = Debug|x86
		Release|Any CPU = Release|Any CPU
		Release|x64 = Release|x64
		Release|x86 = Release|x86
	EndGlobalSection
	GlobalSection(SolutionProperties) = preSolution
		HideSolutionNode = FALSE
	EndGlobalSection
	GlobalSection(ProjectConfigurationPlatforms) = postSolution
		{C00635A7-2F9F-48E9-B723-5FE21963DEDD}.Debug|Any CPU.ActiveCfg = Debug|Any CPU
		{C00635A7-2F9F-48E9-B723-5FE21963DEDD}.Debug|Any CPU.Build.0 = Debug|Any CPU
		{C00635A7-2F9F-48E9-B723-5FE21963DEDD}.Debug|x64.ActiveCfg = Debug|Any CPU
		{C00635A7-2F9F-48E9-B723-5FE21963DEDD}.Debug|x64.Build.0 = Debug|Any CPU
		{C00635A7-2F9F-48E9-B723-5FE21963DEDD}.Debug|x86.ActiveCfg = Debug|Any CPU
		{C00635A7-2F9F-48E9-B723-5FE21963DEDD}.Debug|x86.Build.0 = Debug|Any CPU
		{C00635A7-2F9F-48E9-B723-5FE21963DEDD}.Release|Any CPU.ActiveCfg = Release|Any CPU
		{C00635A7-2F9F-48E9-B723-5FE21963DEDD}.Release|Any CPU.Build.0 = Release|Any CPU
		{C00635A7-2F9F-48E9-B723-5FE21963DEDD}.Release|x64.ActiveCfg = Release|Any CPU
		{C00635A7-2F9F-48E9-B723-5FE21963DEDD}.Release|x64.Build.0 = Release|Any CPU
		{C00635A7-2F9F-48E9-B723-5FE21963DEDD}.Release|x86.ActiveCfg = Release|Any CPU
		{C00635A7-2F9F-48E9-B723-5FE21963DEDD}.Release|x86.Build.0 = Release|Any CPU
		{E4A11142-5C8C-4488-A364-117FA9E17622}.Debug|Any CPU.ActiveCfg = Debug|Any CPU
		{E4A11142-5C8C-4488-A364-117FA9E17622}.Debug|Any CPU.Build.0 = Debug|Any CPU
		{E4A11142-5C8C-4488-A364-117FA9E17622}.Debug|x64.ActiveCfg = Debug|Any CPU
		{E4A11142-5C8C-4488-A364-117FA9E17622}.Debug|x64.Build.0 = Debug|Any CPU
		{E4A11142-5C8C-4488-A364-117FA9E17622}.Debug|x86.ActiveCfg = Debug|Any CPU
		{E4A11142-5C8C-4488-A364-117FA9E17622}.Debug|x86.Build.0 = Debug|Any CPU
		{E4A11142-5C8C-4488-A364-117FA9E17622}.Release|Any CPU.ActiveCfg = Release|Any CPU
		{E4A11142-5C8C-4488-A364-117FA9E17622}.Release|Any CPU.Build.0 = Release|Any CPU
		{E4A11142-5C8C-4488-A364-117FA9E17622}.Release|x64.ActiveCfg = Release|Any CPU
		{E4A11142-5C8C-4488-A364-117FA9E17622}.Release|x64.Build.0 = Release|Any CPU
		{E4A11142-5C8C-4488-A364-117FA9E17622}.Release|x86.ActiveCfg = Release|Any CPU
		{E4A11142-5C8C-4488-A364-117FA9E17622}.Release|x86.Build.0 = Release|Any CPU
		{2F6E0EFB-DB8A-4F91-8BAA-BD64C3E7C3CF}.Debug|Any CPU.ActiveCfg = Debug|Any CPU
		{2F6E0EFB-DB8A-4F91-8BAA-BD64C3E7C3CF}.Debug|Any CPU.Build.0 = Debug|Any CPU
		{2F6E0EFB-DB8A-4F91-8BAA-BD64C3E7C3CF}.Debug|x64.ActiveCfg = Debug|Any CPU
		{2F6E0EFB-DB8A-4F91-8BAA-BD64C3E7C3CF}.Debug|x64.Build.0 = Debug|Any CPU
		{2F6E0EFB-DB8A-4F91-8BAA-BD64C3E7C3CF}.Debug|x86.ActiveCfg = Debug|Any CPU
		{2F6E0EFB-DB8A-4F91-8BAA-BD64C3E7C3CF}.Debug|x86.Build.0 = Debug|Any CPU
		{2F6E0EFB-DB8A-4F91-8BAA-BD64C3E7C3CF}.Release|Any CPU.ActiveCfg = Release|Any CPU
		{2F6E0EFB-DB8A-4F91-8BAA-BD64C3E7C3CF}.Release|Any CPU.Build.0 = Release|Any CPU
		{2F6E0EFB-DB8A-4F91-8BAA-BD64C3E7C3CF}.Release|x64.ActiveCfg = Release|Any CPU
		{2F6E0EFB-DB8A-4F91-8BAA-BD64C3E7C3CF}.Release|x64.Build.0 = Release|Any CPU
		{2F6E0EFB-DB8A-4F91-8BAA-BD64C3E7C3CF}.Release|x86.ActiveCfg = Release|Any CPU
		{2F6E0EFB-DB8A-4F91-8BAA-BD64C3E7C3CF}.Release|x86.Build.0 = Release|Any CPU
		{7D7792AC-492D-49D7-9E88-D7817D43CBD1}.Debug|Any CPU.ActiveCfg = Debug|Any CPU
		{7D7792AC-492D-49D7-9E88-D7817D43CBD1}.Debug|Any CPU.Build.0 = Debug|Any CPU
		{7D7792AC-492D-49D7-9E88-D7817D43CBD1}.Debug|x64.ActiveCfg = Debug|Any CPU
		{7D7792AC-492D-49D7-9E88-D7817D43CBD1}.Debug|x64.Build.0 = Debug|Any CPU
		{7D7792AC-492D-49D7-9E88-D7817D43CBD1}.Debug|x86.ActiveCfg = Debug|Any CPU
		{7D7792AC-492D-49D7-9E88-D7817D43CBD1}.Debug|x86.Build.0 = Debug|Any CPU
		{7D7792AC-492D-49D7-9E88-D7817D43CBD1}.Release|Any CPU.ActiveCfg = Release|Any CPU
		{7D7792AC-492D-49D7-9E88-D7817D43CBD1}.Release|Any CPU.Build.0 = Release|Any CPU
		{7D7792AC-492D-49D7-9E88-D7817D43CBD1}.Release|x64.ActiveCfg = Release|Any CPU
		{7D7792AC-492D-49D7-9E88-D7817D43CBD1}.Release|x64.Build.0 = Release|Any CPU
		{7D7792AC-492D-49D7-9E88-D7817D43CBD1}.Release|x86.ActiveCfg = Release|Any CPU
		{7D7792AC-492D-49D7-9E88-D7817D43CBD1}.Release|x86.Build.0 = Release|Any CPU
		{DA065C51-55AA-4356-8FB0-BE0B37EB6B76}.Debug|Any CPU.ActiveCfg = Debug|Any CPU
		{DA065C51-55AA-4356-8FB0-BE0B37EB6B76}.Debug|Any CPU.Build.0 = Debug|Any CPU
		{DA065C51-55AA-4356-8FB0-BE0B37EB6B76}.Debug|x64.ActiveCfg = Debug|Any CPU
		{DA065C51-55AA-4356-8FB0-BE0B37EB6B76}.Debug|x64.Build.0 = Debug|Any CPU
		{DA065C51-55AA-4356-8FB0-BE0B37EB6B76}.Debug|x86.ActiveCfg = Debug|Any CPU
		{DA065C51-55AA-4356-8FB0-BE0B37EB6B76}.Debug|x86.Build.0 = Debug|Any CPU
		{DA065C51-55AA-4356-8FB0-BE0B37EB6B76}.Release|Any CPU.ActiveCfg = Release|Any CPU
		{DA065C51-55AA-4356-8FB0-BE0B37EB6B76}.Release|Any CPU.Build.0 = Release|Any CPU
		{DA065C51-55AA-4356-8FB0-BE0B37EB6B76}.Release|x64.ActiveCfg = Release|Any CPU
		{DA065C51-55AA-4356-8FB0-BE0B37EB6B76}.Release|x64.Build.0 = Release|Any CPU
		{DA065C51-55AA-4356-8FB0-BE0B37EB6B76}.Release|x86.ActiveCfg = Release|Any CPU
		{DA065C51-55AA-4356-8FB0-BE0B37EB6B76}.Release|x86.Build.0 = Release|Any CPU
		{458A80E2-1EA9-4E1E-AD83-66B0EDC73AF4}.Debug|Any CPU.ActiveCfg = Debug|Any CPU
		{458A80E2-1EA9-4E1E-AD83-66B0EDC73AF4}.Debug|Any CPU.Build.0 = Debug|Any CPU
		{458A80E2-1EA9-4E1E-AD83-66B0EDC73AF4}.Debug|x64.ActiveCfg = Debug|Any CPU
		{458A80E2-1EA9-4E1E-AD83-66B0EDC73AF4}.Debug|x64.Build.0 = Debug|Any CPU
		{458A80E2-1EA9-4E1E-AD83-66B0EDC73AF4}.Debug|x86.ActiveCfg = Debug|Any CPU
		{458A80E2-1EA9-4E1E-AD83-66B0EDC73AF4}.Debug|x86.Build.0 = Debug|Any CPU
		{458A80E2-1EA9-4E1E-AD83-66B0EDC73AF4}.Release|Any CPU.ActiveCfg = Release|Any CPU
		{458A80E2-1EA9-4E1E-AD83-66B0EDC73AF4}.Release|Any CPU.Build.0 = Release|Any CPU
		{458A80E2-1EA9-4E1E-AD83-66B0EDC73AF4}.Release|x64.ActiveCfg = Release|Any CPU
		{458A80E2-1EA9-4E1E-AD83-66B0EDC73AF4}.Release|x64.Build.0 = Release|Any CPU
		{458A80E2-1EA9-4E1E-AD83-66B0EDC73AF4}.Release|x86.ActiveCfg = Release|Any CPU
		{458A80E2-1EA9-4E1E-AD83-66B0EDC73AF4}.Release|x86.Build.0 = Release|Any CPU
		{BDE23CA2-F1EF-4EC5-BA77-2DCFF3BE3A7C}.Debug|Any CPU.ActiveCfg = Debug|Any CPU
		{BDE23CA2-F1EF-4EC5-BA77-2DCFF3BE3A7C}.Debug|Any CPU.Build.0 = Debug|Any CPU
		{BDE23CA2-F1EF-4EC5-BA77-2DCFF3BE3A7C}.Debug|x64.ActiveCfg = Debug|Any CPU
		{BDE23CA2-F1EF-4EC5-BA77-2DCFF3BE3A7C}.Debug|x64.Build.0 = Debug|Any CPU
		{BDE23CA2-F1EF-4EC5-BA77-2DCFF3BE3A7C}.Debug|x86.ActiveCfg = Debug|Any CPU
		{BDE23CA2-F1EF-4EC5-BA77-2DCFF3BE3A7C}.Debug|x86.Build.0 = Debug|Any CPU
		{BDE23CA2-F1EF-4EC5-BA77-2DCFF3BE3A7C}.Release|Any CPU.ActiveCfg = Release|Any CPU
		{BDE23CA2-F1EF-4EC5-BA77-2DCFF3BE3A7C}.Release|Any CPU.Build.0 = Release|Any CPU
		{BDE23CA2-F1EF-4EC5-BA77-2DCFF3BE3A7C}.Release|x64.ActiveCfg = Release|Any CPU
		{BDE23CA2-F1EF-4EC5-BA77-2DCFF3BE3A7C}.Release|x64.Build.0 = Release|Any CPU
		{BDE23CA2-F1EF-4EC5-BA77-2DCFF3BE3A7C}.Release|x86.ActiveCfg = Release|Any CPU
		{BDE23CA2-F1EF-4EC5-BA77-2DCFF3BE3A7C}.Release|x86.Build.0 = Release|Any CPU
		{963C43A7-FDD8-4F11-B63F-204526FC7626}.Debug|Any CPU.ActiveCfg = Debug|Any CPU
		{963C43A7-FDD8-4F11-B63F-204526FC7626}.Debug|Any CPU.Build.0 = Debug|Any CPU
		{963C43A7-FDD8-4F11-B63F-204526FC7626}.Debug|x64.ActiveCfg = Debug|Any CPU
		{963C43A7-FDD8-4F11-B63F-204526FC7626}.Debug|x64.Build.0 = Debug|Any CPU
		{963C43A7-FDD8-4F11-B63F-204526FC7626}.Debug|x86.ActiveCfg = Debug|Any CPU
		{963C43A7-FDD8-4F11-B63F-204526FC7626}.Debug|x86.Build.0 = Debug|Any CPU
		{963C43A7-FDD8-4F11-B63F-204526FC7626}.Release|Any CPU.ActiveCfg = Release|Any CPU
		{963C43A7-FDD8-4F11-B63F-204526FC7626}.Release|Any CPU.Build.0 = Release|Any CPU
		{963C43A7-FDD8-4F11-B63F-204526FC7626}.Release|x64.ActiveCfg = Release|Any CPU
		{963C43A7-FDD8-4F11-B63F-204526FC7626}.Release|x64.Build.0 = Release|Any CPU
		{963C43A7-FDD8-4F11-B63F-204526FC7626}.Release|x86.ActiveCfg = Release|Any CPU
		{963C43A7-FDD8-4F11-B63F-204526FC7626}.Release|x86.Build.0 = Release|Any CPU
		{5125C6E7-E9E9-488D-B6C1-1CB1073BFE6B}.Debug|Any CPU.ActiveCfg = Debug|Any CPU
		{5125C6E7-E9E9-488D-B6C1-1CB1073BFE6B}.Debug|Any CPU.Build.0 = Debug|Any CPU
		{5125C6E7-E9E9-488D-B6C1-1CB1073BFE6B}.Debug|x64.ActiveCfg = Debug|Any CPU
		{5125C6E7-E9E9-488D-B6C1-1CB1073BFE6B}.Debug|x64.Build.0 = Debug|Any CPU
		{5125C6E7-E9E9-488D-B6C1-1CB1073BFE6B}.Debug|x86.ActiveCfg = Debug|Any CPU
		{5125C6E7-E9E9-488D-B6C1-1CB1073BFE6B}.Debug|x86.Build.0 = Debug|Any CPU
		{5125C6E7-E9E9-488D-B6C1-1CB1073BFE6B}.Release|Any CPU.ActiveCfg = Release|Any CPU
		{5125C6E7-E9E9-488D-B6C1-1CB1073BFE6B}.Release|Any CPU.Build.0 = Release|Any CPU
		{5125C6E7-E9E9-488D-B6C1-1CB1073BFE6B}.Release|x64.ActiveCfg = Release|Any CPU
		{5125C6E7-E9E9-488D-B6C1-1CB1073BFE6B}.Release|x64.Build.0 = Release|Any CPU
		{5125C6E7-E9E9-488D-B6C1-1CB1073BFE6B}.Release|x86.ActiveCfg = Release|Any CPU
		{5125C6E7-E9E9-488D-B6C1-1CB1073BFE6B}.Release|x86.Build.0 = Release|Any CPU
		{B10DED4E-1826-4045-A727-6A6F28926147}.Debug|Any CPU.ActiveCfg = Debug|Any CPU
		{B10DED4E-1826-4045-A727-6A6F28926147}.Debug|Any CPU.Build.0 = Debug|Any CPU
		{B10DED4E-1826-4045-A727-6A6F28926147}.Debug|x64.ActiveCfg = Debug|Any CPU
		{B10DED4E-1826-4045-A727-6A6F28926147}.Debug|x64.Build.0 = Debug|Any CPU
		{B10DED4E-1826-4045-A727-6A6F28926147}.Debug|x86.ActiveCfg = Debug|Any CPU
		{B10DED4E-1826-4045-A727-6A6F28926147}.Debug|x86.Build.0 = Debug|Any CPU
		{B10DED4E-1826-4045-A727-6A6F28926147}.Release|Any CPU.ActiveCfg = Release|Any CPU
		{B10DED4E-1826-4045-A727-6A6F28926147}.Release|Any CPU.Build.0 = Release|Any CPU
		{B10DED4E-1826-4045-A727-6A6F28926147}.Release|x64.ActiveCfg = Release|Any CPU
		{B10DED4E-1826-4045-A727-6A6F28926147}.Release|x64.Build.0 = Release|Any CPU
		{B10DED4E-1826-4045-A727-6A6F28926147}.Release|x86.ActiveCfg = Release|Any CPU
		{B10DED4E-1826-4045-A727-6A6F28926147}.Release|x86.Build.0 = Release|Any CPU
		{6AD71726-22DD-4F3C-85AC-75A4E69D4DC3}.Debug|Any CPU.ActiveCfg = Debug|Any CPU
		{6AD71726-22DD-4F3C-85AC-75A4E69D4DC3}.Debug|Any CPU.Build.0 = Debug|Any CPU
		{6AD71726-22DD-4F3C-85AC-75A4E69D4DC3}.Debug|x64.ActiveCfg = Debug|Any CPU
		{6AD71726-22DD-4F3C-85AC-75A4E69D4DC3}.Debug|x64.Build.0 = Debug|Any CPU
		{6AD71726-22DD-4F3C-85AC-75A4E69D4DC3}.Debug|x86.ActiveCfg = Debug|Any CPU
		{6AD71726-22DD-4F3C-85AC-75A4E69D4DC3}.Debug|x86.Build.0 = Debug|Any CPU
		{6AD71726-22DD-4F3C-85AC-75A4E69D4DC3}.Release|Any CPU.ActiveCfg = Release|Any CPU
		{6AD71726-22DD-4F3C-85AC-75A4E69D4DC3}.Release|Any CPU.Build.0 = Release|Any CPU
		{6AD71726-22DD-4F3C-85AC-75A4E69D4DC3}.Release|x64.ActiveCfg = Release|Any CPU
		{6AD71726-22DD-4F3C-85AC-75A4E69D4DC3}.Release|x64.Build.0 = Release|Any CPU
		{6AD71726-22DD-4F3C-85AC-75A4E69D4DC3}.Release|x86.ActiveCfg = Release|Any CPU
		{6AD71726-22DD-4F3C-85AC-75A4E69D4DC3}.Release|x86.Build.0 = Release|Any CPU
		{D373EAA7-42B9-48E0-83C0-D9D3D31AD9DC}.Debug|Any CPU.ActiveCfg = Debug|Any CPU
		{D373EAA7-42B9-48E0-83C0-D9D3D31AD9DC}.Debug|Any CPU.Build.0 = Debug|Any CPU
		{D373EAA7-42B9-48E0-83C0-D9D3D31AD9DC}.Debug|x64.ActiveCfg = Debug|Any CPU
		{D373EAA7-42B9-48E0-83C0-D9D3D31AD9DC}.Debug|x64.Build.0 = Debug|Any CPU
		{D373EAA7-42B9-48E0-83C0-D9D3D31AD9DC}.Debug|x86.ActiveCfg = Debug|Any CPU
		{D373EAA7-42B9-48E0-83C0-D9D3D31AD9DC}.Debug|x86.Build.0 = Debug|Any CPU
		{D373EAA7-42B9-48E0-83C0-D9D3D31AD9DC}.Release|Any CPU.ActiveCfg = Release|Any CPU
		{D373EAA7-42B9-48E0-83C0-D9D3D31AD9DC}.Release|Any CPU.Build.0 = Release|Any CPU
		{D373EAA7-42B9-48E0-83C0-D9D3D31AD9DC}.Release|x64.ActiveCfg = Release|Any CPU
		{D373EAA7-42B9-48E0-83C0-D9D3D31AD9DC}.Release|x64.Build.0 = Release|Any CPU
		{D373EAA7-42B9-48E0-83C0-D9D3D31AD9DC}.Release|x86.ActiveCfg = Release|Any CPU
		{D373EAA7-42B9-48E0-83C0-D9D3D31AD9DC}.Release|x86.Build.0 = Release|Any CPU
		{3022A739-E1FF-48B6-8517-631CC47E481E}.Debug|Any CPU.ActiveCfg = Debug|Any CPU
		{3022A739-E1FF-48B6-8517-631CC47E481E}.Debug|Any CPU.Build.0 = Debug|Any CPU
		{3022A739-E1FF-48B6-8517-631CC47E481E}.Debug|x64.ActiveCfg = Debug|Any CPU
		{3022A739-E1FF-48B6-8517-631CC47E481E}.Debug|x64.Build.0 = Debug|Any CPU
		{3022A739-E1FF-48B6-8517-631CC47E481E}.Debug|x86.ActiveCfg = Debug|Any CPU
		{3022A739-E1FF-48B6-8517-631CC47E481E}.Debug|x86.Build.0 = Debug|Any CPU
		{3022A739-E1FF-48B6-8517-631CC47E481E}.Release|Any CPU.ActiveCfg = Release|Any CPU
		{3022A739-E1FF-48B6-8517-631CC47E481E}.Release|Any CPU.Build.0 = Release|Any CPU
		{3022A739-E1FF-48B6-8517-631CC47E481E}.Release|x64.ActiveCfg = Release|Any CPU
		{3022A739-E1FF-48B6-8517-631CC47E481E}.Release|x64.Build.0 = Release|Any CPU
		{3022A739-E1FF-48B6-8517-631CC47E481E}.Release|x86.ActiveCfg = Release|Any CPU
		{3022A739-E1FF-48B6-8517-631CC47E481E}.Release|x86.Build.0 = Release|Any CPU
		{F6D40BF2-41C5-42E8-93C1-710A98406459}.Debug|Any CPU.ActiveCfg = Debug|Any CPU
		{F6D40BF2-41C5-42E8-93C1-710A98406459}.Debug|Any CPU.Build.0 = Debug|Any CPU
		{F6D40BF2-41C5-42E8-93C1-710A98406459}.Debug|x64.ActiveCfg = Debug|Any CPU
		{F6D40BF2-41C5-42E8-93C1-710A98406459}.Debug|x64.Build.0 = Debug|Any CPU
		{F6D40BF2-41C5-42E8-93C1-710A98406459}.Debug|x86.ActiveCfg = Debug|Any CPU
		{F6D40BF2-41C5-42E8-93C1-710A98406459}.Debug|x86.Build.0 = Debug|Any CPU
		{F6D40BF2-41C5-42E8-93C1-710A98406459}.Release|Any CPU.ActiveCfg = Release|Any CPU
		{F6D40BF2-41C5-42E8-93C1-710A98406459}.Release|Any CPU.Build.0 = Release|Any CPU
		{F6D40BF2-41C5-42E8-93C1-710A98406459}.Release|x64.ActiveCfg = Release|Any CPU
		{F6D40BF2-41C5-42E8-93C1-710A98406459}.Release|x64.Build.0 = Release|Any CPU
		{F6D40BF2-41C5-42E8-93C1-710A98406459}.Release|x86.ActiveCfg = Release|Any CPU
		{F6D40BF2-41C5-42E8-93C1-710A98406459}.Release|x86.Build.0 = Release|Any CPU
		{125E6E9E-D6FB-45D6-AA10-ECBADD78E623}.Debug|Any CPU.ActiveCfg = Debug|Any CPU
		{125E6E9E-D6FB-45D6-AA10-ECBADD78E623}.Debug|Any CPU.Build.0 = Debug|Any CPU
		{125E6E9E-D6FB-45D6-AA10-ECBADD78E623}.Debug|x64.ActiveCfg = Debug|Any CPU
		{125E6E9E-D6FB-45D6-AA10-ECBADD78E623}.Debug|x64.Build.0 = Debug|Any CPU
		{125E6E9E-D6FB-45D6-AA10-ECBADD78E623}.Debug|x86.ActiveCfg = Debug|Any CPU
		{125E6E9E-D6FB-45D6-AA10-ECBADD78E623}.Debug|x86.Build.0 = Debug|Any CPU
		{125E6E9E-D6FB-45D6-AA10-ECBADD78E623}.Release|Any CPU.ActiveCfg = Release|Any CPU
		{125E6E9E-D6FB-45D6-AA10-ECBADD78E623}.Release|Any CPU.Build.0 = Release|Any CPU
		{125E6E9E-D6FB-45D6-AA10-ECBADD78E623}.Release|x64.ActiveCfg = Release|Any CPU
		{125E6E9E-D6FB-45D6-AA10-ECBADD78E623}.Release|x64.Build.0 = Release|Any CPU
		{125E6E9E-D6FB-45D6-AA10-ECBADD78E623}.Release|x86.ActiveCfg = Release|Any CPU
		{125E6E9E-D6FB-45D6-AA10-ECBADD78E623}.Release|x86.Build.0 = Release|Any CPU
		{D511E27A-D834-4DDA-9259-3DC989454554}.Debug|Any CPU.ActiveCfg = Debug|Any CPU
		{D511E27A-D834-4DDA-9259-3DC989454554}.Debug|Any CPU.Build.0 = Debug|Any CPU
		{D511E27A-D834-4DDA-9259-3DC989454554}.Debug|x64.ActiveCfg = Debug|Any CPU
		{D511E27A-D834-4DDA-9259-3DC989454554}.Debug|x64.Build.0 = Debug|Any CPU
		{D511E27A-D834-4DDA-9259-3DC989454554}.Debug|x86.ActiveCfg = Debug|Any CPU
		{D511E27A-D834-4DDA-9259-3DC989454554}.Debug|x86.Build.0 = Debug|Any CPU
		{D511E27A-D834-4DDA-9259-3DC989454554}.Release|Any CPU.ActiveCfg = Release|Any CPU
		{D511E27A-D834-4DDA-9259-3DC989454554}.Release|Any CPU.Build.0 = Release|Any CPU
		{D511E27A-D834-4DDA-9259-3DC989454554}.Release|x64.ActiveCfg = Release|Any CPU
		{D511E27A-D834-4DDA-9259-3DC989454554}.Release|x64.Build.0 = Release|Any CPU
		{D511E27A-D834-4DDA-9259-3DC989454554}.Release|x86.ActiveCfg = Release|Any CPU
		{D511E27A-D834-4DDA-9259-3DC989454554}.Release|x86.Build.0 = Release|Any CPU
		{2EA9C0CE-6A7D-4504-A972-96A129F67872}.Debug|Any CPU.ActiveCfg = Debug|Any CPU
		{2EA9C0CE-6A7D-4504-A972-96A129F67872}.Debug|Any CPU.Build.0 = Debug|Any CPU
		{2EA9C0CE-6A7D-4504-A972-96A129F67872}.Debug|x64.ActiveCfg = Debug|Any CPU
		{2EA9C0CE-6A7D-4504-A972-96A129F67872}.Debug|x64.Build.0 = Debug|Any CPU
		{2EA9C0CE-6A7D-4504-A972-96A129F67872}.Debug|x86.ActiveCfg = Debug|Any CPU
		{2EA9C0CE-6A7D-4504-A972-96A129F67872}.Debug|x86.Build.0 = Debug|Any CPU
		{2EA9C0CE-6A7D-4504-A972-96A129F67872}.Release|Any CPU.ActiveCfg = Release|Any CPU
		{2EA9C0CE-6A7D-4504-A972-96A129F67872}.Release|Any CPU.Build.0 = Release|Any CPU
		{2EA9C0CE-6A7D-4504-A972-96A129F67872}.Release|x64.ActiveCfg = Release|Any CPU
		{2EA9C0CE-6A7D-4504-A972-96A129F67872}.Release|x64.Build.0 = Release|Any CPU
		{2EA9C0CE-6A7D-4504-A972-96A129F67872}.Release|x86.ActiveCfg = Release|Any CPU
		{2EA9C0CE-6A7D-4504-A972-96A129F67872}.Release|x86.Build.0 = Release|Any CPU
		{974143DF-FA81-495E-99A6-7F8A3E133FC4}.Debug|Any CPU.ActiveCfg = Debug|Any CPU
		{974143DF-FA81-495E-99A6-7F8A3E133FC4}.Debug|Any CPU.Build.0 = Debug|Any CPU
		{974143DF-FA81-495E-99A6-7F8A3E133FC4}.Debug|x64.ActiveCfg = Debug|Any CPU
		{974143DF-FA81-495E-99A6-7F8A3E133FC4}.Debug|x64.Build.0 = Debug|Any CPU
		{974143DF-FA81-495E-99A6-7F8A3E133FC4}.Debug|x86.ActiveCfg = Debug|Any CPU
		{974143DF-FA81-495E-99A6-7F8A3E133FC4}.Debug|x86.Build.0 = Debug|Any CPU
		{974143DF-FA81-495E-99A6-7F8A3E133FC4}.Release|Any CPU.ActiveCfg = Release|Any CPU
		{974143DF-FA81-495E-99A6-7F8A3E133FC4}.Release|Any CPU.Build.0 = Release|Any CPU
		{974143DF-FA81-495E-99A6-7F8A3E133FC4}.Release|x64.ActiveCfg = Release|Any CPU
		{974143DF-FA81-495E-99A6-7F8A3E133FC4}.Release|x64.Build.0 = Release|Any CPU
		{974143DF-FA81-495E-99A6-7F8A3E133FC4}.Release|x86.ActiveCfg = Release|Any CPU
		{974143DF-FA81-495E-99A6-7F8A3E133FC4}.Release|x86.Build.0 = Release|Any CPU
		{20D76BBD-A33B-499C-BD98-7A184598A292}.Debug|Any CPU.ActiveCfg = Debug|Any CPU
		{20D76BBD-A33B-499C-BD98-7A184598A292}.Debug|Any CPU.Build.0 = Debug|Any CPU
		{20D76BBD-A33B-499C-BD98-7A184598A292}.Debug|x64.ActiveCfg = Debug|Any CPU
		{20D76BBD-A33B-499C-BD98-7A184598A292}.Debug|x64.Build.0 = Debug|Any CPU
		{20D76BBD-A33B-499C-BD98-7A184598A292}.Debug|x86.ActiveCfg = Debug|Any CPU
		{20D76BBD-A33B-499C-BD98-7A184598A292}.Debug|x86.Build.0 = Debug|Any CPU
		{20D76BBD-A33B-499C-BD98-7A184598A292}.Release|Any CPU.ActiveCfg = Release|Any CPU
		{20D76BBD-A33B-499C-BD98-7A184598A292}.Release|Any CPU.Build.0 = Release|Any CPU
		{20D76BBD-A33B-499C-BD98-7A184598A292}.Release|x64.ActiveCfg = Release|Any CPU
		{20D76BBD-A33B-499C-BD98-7A184598A292}.Release|x64.Build.0 = Release|Any CPU
		{20D76BBD-A33B-499C-BD98-7A184598A292}.Release|x86.ActiveCfg = Release|Any CPU
		{20D76BBD-A33B-499C-BD98-7A184598A292}.Release|x86.Build.0 = Release|Any CPU
		{4D95CD4B-0F31-454E-99CD-B2BF4125A3CE}.Debug|Any CPU.ActiveCfg = Debug|Any CPU
		{4D95CD4B-0F31-454E-99CD-B2BF4125A3CE}.Debug|Any CPU.Build.0 = Debug|Any CPU
		{4D95CD4B-0F31-454E-99CD-B2BF4125A3CE}.Debug|x64.ActiveCfg = Debug|Any CPU
		{4D95CD4B-0F31-454E-99CD-B2BF4125A3CE}.Debug|x64.Build.0 = Debug|Any CPU
		{4D95CD4B-0F31-454E-99CD-B2BF4125A3CE}.Debug|x86.ActiveCfg = Debug|Any CPU
		{4D95CD4B-0F31-454E-99CD-B2BF4125A3CE}.Debug|x86.Build.0 = Debug|Any CPU
		{4D95CD4B-0F31-454E-99CD-B2BF4125A3CE}.Release|Any CPU.ActiveCfg = Release|Any CPU
		{4D95CD4B-0F31-454E-99CD-B2BF4125A3CE}.Release|Any CPU.Build.0 = Release|Any CPU
		{4D95CD4B-0F31-454E-99CD-B2BF4125A3CE}.Release|x64.ActiveCfg = Release|Any CPU
		{4D95CD4B-0F31-454E-99CD-B2BF4125A3CE}.Release|x64.Build.0 = Release|Any CPU
		{4D95CD4B-0F31-454E-99CD-B2BF4125A3CE}.Release|x86.ActiveCfg = Release|Any CPU
		{4D95CD4B-0F31-454E-99CD-B2BF4125A3CE}.Release|x86.Build.0 = Release|Any CPU
		{3141F32E-15ED-4E7E-9653-389C18A8B95C}.Debug|Any CPU.ActiveCfg = Debug|Any CPU
		{3141F32E-15ED-4E7E-9653-389C18A8B95C}.Debug|Any CPU.Build.0 = Debug|Any CPU
		{3141F32E-15ED-4E7E-9653-389C18A8B95C}.Debug|x64.ActiveCfg = Debug|Any CPU
		{3141F32E-15ED-4E7E-9653-389C18A8B95C}.Debug|x64.Build.0 = Debug|Any CPU
		{3141F32E-15ED-4E7E-9653-389C18A8B95C}.Debug|x86.ActiveCfg = Debug|Any CPU
		{3141F32E-15ED-4E7E-9653-389C18A8B95C}.Debug|x86.Build.0 = Debug|Any CPU
		{3141F32E-15ED-4E7E-9653-389C18A8B95C}.Release|Any CPU.ActiveCfg = Release|Any CPU
		{3141F32E-15ED-4E7E-9653-389C18A8B95C}.Release|Any CPU.Build.0 = Release|Any CPU
		{3141F32E-15ED-4E7E-9653-389C18A8B95C}.Release|x64.ActiveCfg = Release|Any CPU
		{3141F32E-15ED-4E7E-9653-389C18A8B95C}.Release|x64.Build.0 = Release|Any CPU
		{3141F32E-15ED-4E7E-9653-389C18A8B95C}.Release|x86.ActiveCfg = Release|Any CPU
		{3141F32E-15ED-4E7E-9653-389C18A8B95C}.Release|x86.Build.0 = Release|Any CPU
		{FD93183D-A704-49E7-AC95-E9215BC3D2B9}.Debug|Any CPU.ActiveCfg = Debug|Any CPU
		{FD93183D-A704-49E7-AC95-E9215BC3D2B9}.Debug|Any CPU.Build.0 = Debug|Any CPU
		{FD93183D-A704-49E7-AC95-E9215BC3D2B9}.Debug|x64.ActiveCfg = Debug|Any CPU
		{FD93183D-A704-49E7-AC95-E9215BC3D2B9}.Debug|x64.Build.0 = Debug|Any CPU
		{FD93183D-A704-49E7-AC95-E9215BC3D2B9}.Debug|x86.ActiveCfg = Debug|Any CPU
		{FD93183D-A704-49E7-AC95-E9215BC3D2B9}.Debug|x86.Build.0 = Debug|Any CPU
		{FD93183D-A704-49E7-AC95-E9215BC3D2B9}.Release|Any CPU.ActiveCfg = Release|Any CPU
		{FD93183D-A704-49E7-AC95-E9215BC3D2B9}.Release|Any CPU.Build.0 = Release|Any CPU
		{FD93183D-A704-49E7-AC95-E9215BC3D2B9}.Release|x64.ActiveCfg = Release|Any CPU
		{FD93183D-A704-49E7-AC95-E9215BC3D2B9}.Release|x64.Build.0 = Release|Any CPU
		{FD93183D-A704-49E7-AC95-E9215BC3D2B9}.Release|x86.ActiveCfg = Release|Any CPU
		{FD93183D-A704-49E7-AC95-E9215BC3D2B9}.Release|x86.Build.0 = Release|Any CPU
		{43FB8E5B-8A5E-4085-9FFC-5859E522E04F}.Debug|Any CPU.ActiveCfg = Debug|Any CPU
		{43FB8E5B-8A5E-4085-9FFC-5859E522E04F}.Debug|Any CPU.Build.0 = Debug|Any CPU
		{43FB8E5B-8A5E-4085-9FFC-5859E522E04F}.Debug|x64.ActiveCfg = Debug|Any CPU
		{43FB8E5B-8A5E-4085-9FFC-5859E522E04F}.Debug|x64.Build.0 = Debug|Any CPU
		{43FB8E5B-8A5E-4085-9FFC-5859E522E04F}.Debug|x86.ActiveCfg = Debug|Any CPU
		{43FB8E5B-8A5E-4085-9FFC-5859E522E04F}.Debug|x86.Build.0 = Debug|Any CPU
		{43FB8E5B-8A5E-4085-9FFC-5859E522E04F}.Release|Any CPU.ActiveCfg = Release|Any CPU
		{43FB8E5B-8A5E-4085-9FFC-5859E522E04F}.Release|Any CPU.Build.0 = Release|Any CPU
		{43FB8E5B-8A5E-4085-9FFC-5859E522E04F}.Release|x64.ActiveCfg = Release|Any CPU
		{43FB8E5B-8A5E-4085-9FFC-5859E522E04F}.Release|x64.Build.0 = Release|Any CPU
		{43FB8E5B-8A5E-4085-9FFC-5859E522E04F}.Release|x86.ActiveCfg = Release|Any CPU
		{43FB8E5B-8A5E-4085-9FFC-5859E522E04F}.Release|x86.Build.0 = Release|Any CPU
		{67CBA474-8EE2-444C-BCA0-05C1A936CFFD}.Debug|Any CPU.ActiveCfg = Debug|Any CPU
		{67CBA474-8EE2-444C-BCA0-05C1A936CFFD}.Debug|Any CPU.Build.0 = Debug|Any CPU
		{67CBA474-8EE2-444C-BCA0-05C1A936CFFD}.Debug|x64.ActiveCfg = Debug|Any CPU
		{67CBA474-8EE2-444C-BCA0-05C1A936CFFD}.Debug|x64.Build.0 = Debug|Any CPU
		{67CBA474-8EE2-444C-BCA0-05C1A936CFFD}.Debug|x86.ActiveCfg = Debug|Any CPU
		{67CBA474-8EE2-444C-BCA0-05C1A936CFFD}.Debug|x86.Build.0 = Debug|Any CPU
		{67CBA474-8EE2-444C-BCA0-05C1A936CFFD}.Release|Any CPU.ActiveCfg = Release|Any CPU
		{67CBA474-8EE2-444C-BCA0-05C1A936CFFD}.Release|Any CPU.Build.0 = Release|Any CPU
		{67CBA474-8EE2-444C-BCA0-05C1A936CFFD}.Release|x64.ActiveCfg = Release|Any CPU
		{67CBA474-8EE2-444C-BCA0-05C1A936CFFD}.Release|x64.Build.0 = Release|Any CPU
		{67CBA474-8EE2-444C-BCA0-05C1A936CFFD}.Release|x86.ActiveCfg = Release|Any CPU
		{67CBA474-8EE2-444C-BCA0-05C1A936CFFD}.Release|x86.Build.0 = Release|Any CPU
		{EFD8D234-C54D-4E47-8233-4CA30C6C383F}.Debug|Any CPU.ActiveCfg = Debug|Any CPU
		{EFD8D234-C54D-4E47-8233-4CA30C6C383F}.Debug|Any CPU.Build.0 = Debug|Any CPU
		{EFD8D234-C54D-4E47-8233-4CA30C6C383F}.Debug|x64.ActiveCfg = Debug|Any CPU
		{EFD8D234-C54D-4E47-8233-4CA30C6C383F}.Debug|x64.Build.0 = Debug|Any CPU
		{EFD8D234-C54D-4E47-8233-4CA30C6C383F}.Debug|x86.ActiveCfg = Debug|Any CPU
		{EFD8D234-C54D-4E47-8233-4CA30C6C383F}.Debug|x86.Build.0 = Debug|Any CPU
		{EFD8D234-C54D-4E47-8233-4CA30C6C383F}.Release|Any CPU.ActiveCfg = Release|Any CPU
		{EFD8D234-C54D-4E47-8233-4CA30C6C383F}.Release|Any CPU.Build.0 = Release|Any CPU
		{EFD8D234-C54D-4E47-8233-4CA30C6C383F}.Release|x64.ActiveCfg = Release|Any CPU
		{EFD8D234-C54D-4E47-8233-4CA30C6C383F}.Release|x64.Build.0 = Release|Any CPU
		{EFD8D234-C54D-4E47-8233-4CA30C6C383F}.Release|x86.ActiveCfg = Release|Any CPU
		{EFD8D234-C54D-4E47-8233-4CA30C6C383F}.Release|x86.Build.0 = Release|Any CPU
		{BE178D0F-EC26-467A-9D2F-AD990578DB3D}.Debug|Any CPU.ActiveCfg = Debug|Any CPU
		{BE178D0F-EC26-467A-9D2F-AD990578DB3D}.Debug|Any CPU.Build.0 = Debug|Any CPU
		{BE178D0F-EC26-467A-9D2F-AD990578DB3D}.Debug|x64.ActiveCfg = Debug|Any CPU
		{BE178D0F-EC26-467A-9D2F-AD990578DB3D}.Debug|x64.Build.0 = Debug|Any CPU
		{BE178D0F-EC26-467A-9D2F-AD990578DB3D}.Debug|x86.ActiveCfg = Debug|Any CPU
		{BE178D0F-EC26-467A-9D2F-AD990578DB3D}.Debug|x86.Build.0 = Debug|Any CPU
		{BE178D0F-EC26-467A-9D2F-AD990578DB3D}.Release|Any CPU.ActiveCfg = Release|Any CPU
		{BE178D0F-EC26-467A-9D2F-AD990578DB3D}.Release|Any CPU.Build.0 = Release|Any CPU
		{BE178D0F-EC26-467A-9D2F-AD990578DB3D}.Release|x64.ActiveCfg = Release|Any CPU
		{BE178D0F-EC26-467A-9D2F-AD990578DB3D}.Release|x64.Build.0 = Release|Any CPU
		{BE178D0F-EC26-467A-9D2F-AD990578DB3D}.Release|x86.ActiveCfg = Release|Any CPU
		{BE178D0F-EC26-467A-9D2F-AD990578DB3D}.Release|x86.Build.0 = Release|Any CPU
		{D16191CA-F809-4FB1-B3FF-7FBA1B344ECE}.Debug|Any CPU.ActiveCfg = Debug|Any CPU
		{D16191CA-F809-4FB1-B3FF-7FBA1B344ECE}.Debug|Any CPU.Build.0 = Debug|Any CPU
		{D16191CA-F809-4FB1-B3FF-7FBA1B344ECE}.Debug|x64.ActiveCfg = Debug|Any CPU
		{D16191CA-F809-4FB1-B3FF-7FBA1B344ECE}.Debug|x64.Build.0 = Debug|Any CPU
		{D16191CA-F809-4FB1-B3FF-7FBA1B344ECE}.Debug|x86.ActiveCfg = Debug|Any CPU
		{D16191CA-F809-4FB1-B3FF-7FBA1B344ECE}.Debug|x86.Build.0 = Debug|Any CPU
		{D16191CA-F809-4FB1-B3FF-7FBA1B344ECE}.Release|Any CPU.ActiveCfg = Release|Any CPU
		{D16191CA-F809-4FB1-B3FF-7FBA1B344ECE}.Release|Any CPU.Build.0 = Release|Any CPU
		{D16191CA-F809-4FB1-B3FF-7FBA1B344ECE}.Release|x64.ActiveCfg = Release|Any CPU
		{D16191CA-F809-4FB1-B3FF-7FBA1B344ECE}.Release|x64.Build.0 = Release|Any CPU
		{D16191CA-F809-4FB1-B3FF-7FBA1B344ECE}.Release|x86.ActiveCfg = Release|Any CPU
		{D16191CA-F809-4FB1-B3FF-7FBA1B344ECE}.Release|x86.Build.0 = Release|Any CPU
		{6CB547B3-0419-4F32-96C8-3D4C878904F2}.Debug|Any CPU.ActiveCfg = Debug|Any CPU
		{6CB547B3-0419-4F32-96C8-3D4C878904F2}.Debug|Any CPU.Build.0 = Debug|Any CPU
		{6CB547B3-0419-4F32-96C8-3D4C878904F2}.Debug|x64.ActiveCfg = Debug|Any CPU
		{6CB547B3-0419-4F32-96C8-3D4C878904F2}.Debug|x64.Build.0 = Debug|Any CPU
		{6CB547B3-0419-4F32-96C8-3D4C878904F2}.Debug|x86.ActiveCfg = Debug|Any CPU
		{6CB547B3-0419-4F32-96C8-3D4C878904F2}.Debug|x86.Build.0 = Debug|Any CPU
		{6CB547B3-0419-4F32-96C8-3D4C878904F2}.Release|Any CPU.ActiveCfg = Release|Any CPU
		{6CB547B3-0419-4F32-96C8-3D4C878904F2}.Release|Any CPU.Build.0 = Release|Any CPU
		{6CB547B3-0419-4F32-96C8-3D4C878904F2}.Release|x64.ActiveCfg = Release|Any CPU
		{6CB547B3-0419-4F32-96C8-3D4C878904F2}.Release|x64.Build.0 = Release|Any CPU
		{6CB547B3-0419-4F32-96C8-3D4C878904F2}.Release|x86.ActiveCfg = Release|Any CPU
		{6CB547B3-0419-4F32-96C8-3D4C878904F2}.Release|x86.Build.0 = Release|Any CPU
		{025C23CF-7AF2-4D7C-9D33-D56D342E856B}.Debug|Any CPU.ActiveCfg = Debug|Any CPU
		{025C23CF-7AF2-4D7C-9D33-D56D342E856B}.Debug|Any CPU.Build.0 = Debug|Any CPU
		{025C23CF-7AF2-4D7C-9D33-D56D342E856B}.Debug|x64.ActiveCfg = Debug|Any CPU
		{025C23CF-7AF2-4D7C-9D33-D56D342E856B}.Debug|x64.Build.0 = Debug|Any CPU
		{025C23CF-7AF2-4D7C-9D33-D56D342E856B}.Debug|x86.ActiveCfg = Debug|Any CPU
		{025C23CF-7AF2-4D7C-9D33-D56D342E856B}.Debug|x86.Build.0 = Debug|Any CPU
		{025C23CF-7AF2-4D7C-9D33-D56D342E856B}.Release|Any CPU.ActiveCfg = Release|Any CPU
		{025C23CF-7AF2-4D7C-9D33-D56D342E856B}.Release|Any CPU.Build.0 = Release|Any CPU
		{025C23CF-7AF2-4D7C-9D33-D56D342E856B}.Release|x64.ActiveCfg = Release|Any CPU
		{025C23CF-7AF2-4D7C-9D33-D56D342E856B}.Release|x64.Build.0 = Release|Any CPU
		{025C23CF-7AF2-4D7C-9D33-D56D342E856B}.Release|x86.ActiveCfg = Release|Any CPU
		{025C23CF-7AF2-4D7C-9D33-D56D342E856B}.Release|x86.Build.0 = Release|Any CPU
		{EBC2841B-3126-47E1-9888-C6F3B3496BD8}.Debug|Any CPU.ActiveCfg = Debug|Any CPU
		{EBC2841B-3126-47E1-9888-C6F3B3496BD8}.Debug|Any CPU.Build.0 = Debug|Any CPU
		{EBC2841B-3126-47E1-9888-C6F3B3496BD8}.Debug|x64.ActiveCfg = Debug|Any CPU
		{EBC2841B-3126-47E1-9888-C6F3B3496BD8}.Debug|x64.Build.0 = Debug|Any CPU
		{EBC2841B-3126-47E1-9888-C6F3B3496BD8}.Debug|x86.ActiveCfg = Debug|Any CPU
		{EBC2841B-3126-47E1-9888-C6F3B3496BD8}.Debug|x86.Build.0 = Debug|Any CPU
		{EBC2841B-3126-47E1-9888-C6F3B3496BD8}.Release|Any CPU.ActiveCfg = Release|Any CPU
		{EBC2841B-3126-47E1-9888-C6F3B3496BD8}.Release|Any CPU.Build.0 = Release|Any CPU
		{EBC2841B-3126-47E1-9888-C6F3B3496BD8}.Release|x64.ActiveCfg = Release|Any CPU
		{EBC2841B-3126-47E1-9888-C6F3B3496BD8}.Release|x64.Build.0 = Release|Any CPU
		{EBC2841B-3126-47E1-9888-C6F3B3496BD8}.Release|x86.ActiveCfg = Release|Any CPU
		{EBC2841B-3126-47E1-9888-C6F3B3496BD8}.Release|x86.Build.0 = Release|Any CPU
		{D3D9D386-6053-4841-A70F-9B8B02C62AA9}.Debug|Any CPU.ActiveCfg = Debug|Any CPU
		{D3D9D386-6053-4841-A70F-9B8B02C62AA9}.Debug|Any CPU.Build.0 = Debug|Any CPU
		{D3D9D386-6053-4841-A70F-9B8B02C62AA9}.Debug|x64.ActiveCfg = Debug|Any CPU
		{D3D9D386-6053-4841-A70F-9B8B02C62AA9}.Debug|x64.Build.0 = Debug|Any CPU
		{D3D9D386-6053-4841-A70F-9B8B02C62AA9}.Debug|x86.ActiveCfg = Debug|Any CPU
		{D3D9D386-6053-4841-A70F-9B8B02C62AA9}.Debug|x86.Build.0 = Debug|Any CPU
		{D3D9D386-6053-4841-A70F-9B8B02C62AA9}.Release|Any CPU.ActiveCfg = Release|Any CPU
		{D3D9D386-6053-4841-A70F-9B8B02C62AA9}.Release|Any CPU.Build.0 = Release|Any CPU
		{D3D9D386-6053-4841-A70F-9B8B02C62AA9}.Release|x64.ActiveCfg = Release|Any CPU
		{D3D9D386-6053-4841-A70F-9B8B02C62AA9}.Release|x64.Build.0 = Release|Any CPU
		{D3D9D386-6053-4841-A70F-9B8B02C62AA9}.Release|x86.ActiveCfg = Release|Any CPU
		{D3D9D386-6053-4841-A70F-9B8B02C62AA9}.Release|x86.Build.0 = Release|Any CPU
		{116AEA56-AF50-49B7-9F00-872B82B78DD7}.Debug|Any CPU.ActiveCfg = Debug|Any CPU
		{116AEA56-AF50-49B7-9F00-872B82B78DD7}.Debug|Any CPU.Build.0 = Debug|Any CPU
		{116AEA56-AF50-49B7-9F00-872B82B78DD7}.Debug|x64.ActiveCfg = Debug|Any CPU
		{116AEA56-AF50-49B7-9F00-872B82B78DD7}.Debug|x64.Build.0 = Debug|Any CPU
		{116AEA56-AF50-49B7-9F00-872B82B78DD7}.Debug|x86.ActiveCfg = Debug|Any CPU
		{116AEA56-AF50-49B7-9F00-872B82B78DD7}.Debug|x86.Build.0 = Debug|Any CPU
		{116AEA56-AF50-49B7-9F00-872B82B78DD7}.Release|Any CPU.ActiveCfg = Release|Any CPU
		{116AEA56-AF50-49B7-9F00-872B82B78DD7}.Release|Any CPU.Build.0 = Release|Any CPU
		{116AEA56-AF50-49B7-9F00-872B82B78DD7}.Release|x64.ActiveCfg = Release|Any CPU
		{116AEA56-AF50-49B7-9F00-872B82B78DD7}.Release|x64.Build.0 = Release|Any CPU
		{116AEA56-AF50-49B7-9F00-872B82B78DD7}.Release|x86.ActiveCfg = Release|Any CPU
		{116AEA56-AF50-49B7-9F00-872B82B78DD7}.Release|x86.Build.0 = Release|Any CPU
		{165F424A-87E7-4321-B6A6-ECBE59021BA0}.Debug|Any CPU.ActiveCfg = Debug|Any CPU
		{165F424A-87E7-4321-B6A6-ECBE59021BA0}.Debug|Any CPU.Build.0 = Debug|Any CPU
		{165F424A-87E7-4321-B6A6-ECBE59021BA0}.Debug|x64.ActiveCfg = Debug|Any CPU
		{165F424A-87E7-4321-B6A6-ECBE59021BA0}.Debug|x64.Build.0 = Debug|Any CPU
		{165F424A-87E7-4321-B6A6-ECBE59021BA0}.Debug|x86.ActiveCfg = Debug|Any CPU
		{165F424A-87E7-4321-B6A6-ECBE59021BA0}.Debug|x86.Build.0 = Debug|Any CPU
		{165F424A-87E7-4321-B6A6-ECBE59021BA0}.Release|Any CPU.ActiveCfg = Release|Any CPU
		{165F424A-87E7-4321-B6A6-ECBE59021BA0}.Release|Any CPU.Build.0 = Release|Any CPU
		{165F424A-87E7-4321-B6A6-ECBE59021BA0}.Release|x64.ActiveCfg = Release|Any CPU
		{165F424A-87E7-4321-B6A6-ECBE59021BA0}.Release|x64.Build.0 = Release|Any CPU
		{165F424A-87E7-4321-B6A6-ECBE59021BA0}.Release|x86.ActiveCfg = Release|Any CPU
		{165F424A-87E7-4321-B6A6-ECBE59021BA0}.Release|x86.Build.0 = Release|Any CPU
		{280BE564-E4DE-46FD-AD95-284E913DB9EB}.Debug|Any CPU.ActiveCfg = Debug|Any CPU
		{280BE564-E4DE-46FD-AD95-284E913DB9EB}.Debug|Any CPU.Build.0 = Debug|Any CPU
		{280BE564-E4DE-46FD-AD95-284E913DB9EB}.Debug|x64.ActiveCfg = Debug|Any CPU
		{280BE564-E4DE-46FD-AD95-284E913DB9EB}.Debug|x64.Build.0 = Debug|Any CPU
		{280BE564-E4DE-46FD-AD95-284E913DB9EB}.Debug|x86.ActiveCfg = Debug|Any CPU
		{280BE564-E4DE-46FD-AD95-284E913DB9EB}.Debug|x86.Build.0 = Debug|Any CPU
		{280BE564-E4DE-46FD-AD95-284E913DB9EB}.Release|Any CPU.ActiveCfg = Release|Any CPU
		{280BE564-E4DE-46FD-AD95-284E913DB9EB}.Release|Any CPU.Build.0 = Release|Any CPU
		{280BE564-E4DE-46FD-AD95-284E913DB9EB}.Release|x64.ActiveCfg = Release|Any CPU
		{280BE564-E4DE-46FD-AD95-284E913DB9EB}.Release|x64.Build.0 = Release|Any CPU
		{280BE564-E4DE-46FD-AD95-284E913DB9EB}.Release|x86.ActiveCfg = Release|Any CPU
		{280BE564-E4DE-46FD-AD95-284E913DB9EB}.Release|x86.Build.0 = Release|Any CPU
		{982FF9DD-9190-481C-98DA-95B05055A49F}.Debug|Any CPU.ActiveCfg = Debug|Any CPU
		{982FF9DD-9190-481C-98DA-95B05055A49F}.Debug|Any CPU.Build.0 = Debug|Any CPU
		{982FF9DD-9190-481C-98DA-95B05055A49F}.Debug|x64.ActiveCfg = Debug|Any CPU
		{982FF9DD-9190-481C-98DA-95B05055A49F}.Debug|x64.Build.0 = Debug|Any CPU
		{982FF9DD-9190-481C-98DA-95B05055A49F}.Debug|x86.ActiveCfg = Debug|Any CPU
		{982FF9DD-9190-481C-98DA-95B05055A49F}.Debug|x86.Build.0 = Debug|Any CPU
		{982FF9DD-9190-481C-98DA-95B05055A49F}.Release|Any CPU.ActiveCfg = Release|Any CPU
		{982FF9DD-9190-481C-98DA-95B05055A49F}.Release|Any CPU.Build.0 = Release|Any CPU
		{982FF9DD-9190-481C-98DA-95B05055A49F}.Release|x64.ActiveCfg = Release|Any CPU
		{982FF9DD-9190-481C-98DA-95B05055A49F}.Release|x64.Build.0 = Release|Any CPU
		{982FF9DD-9190-481C-98DA-95B05055A49F}.Release|x86.ActiveCfg = Release|Any CPU
		{982FF9DD-9190-481C-98DA-95B05055A49F}.Release|x86.Build.0 = Release|Any CPU
		{BE2FBA6B-E34B-4A15-B539-6DE4E6320E3F}.Debug|Any CPU.ActiveCfg = Debug|Any CPU
		{BE2FBA6B-E34B-4A15-B539-6DE4E6320E3F}.Debug|Any CPU.Build.0 = Debug|Any CPU
		{BE2FBA6B-E34B-4A15-B539-6DE4E6320E3F}.Debug|x64.ActiveCfg = Debug|Any CPU
		{BE2FBA6B-E34B-4A15-B539-6DE4E6320E3F}.Debug|x64.Build.0 = Debug|Any CPU
		{BE2FBA6B-E34B-4A15-B539-6DE4E6320E3F}.Debug|x86.ActiveCfg = Debug|Any CPU
		{BE2FBA6B-E34B-4A15-B539-6DE4E6320E3F}.Debug|x86.Build.0 = Debug|Any CPU
		{BE2FBA6B-E34B-4A15-B539-6DE4E6320E3F}.Release|Any CPU.ActiveCfg = Release|Any CPU
		{BE2FBA6B-E34B-4A15-B539-6DE4E6320E3F}.Release|Any CPU.Build.0 = Release|Any CPU
		{BE2FBA6B-E34B-4A15-B539-6DE4E6320E3F}.Release|x64.ActiveCfg = Release|Any CPU
		{BE2FBA6B-E34B-4A15-B539-6DE4E6320E3F}.Release|x64.Build.0 = Release|Any CPU
		{BE2FBA6B-E34B-4A15-B539-6DE4E6320E3F}.Release|x86.ActiveCfg = Release|Any CPU
		{BE2FBA6B-E34B-4A15-B539-6DE4E6320E3F}.Release|x86.Build.0 = Release|Any CPU
		{E08E6BC7-014F-4097-84CF-F06246C5FFA9}.Debug|Any CPU.ActiveCfg = Debug|Any CPU
		{E08E6BC7-014F-4097-84CF-F06246C5FFA9}.Debug|Any CPU.Build.0 = Debug|Any CPU
		{E08E6BC7-014F-4097-84CF-F06246C5FFA9}.Debug|x64.ActiveCfg = Debug|Any CPU
		{E08E6BC7-014F-4097-84CF-F06246C5FFA9}.Debug|x64.Build.0 = Debug|Any CPU
		{E08E6BC7-014F-4097-84CF-F06246C5FFA9}.Debug|x86.ActiveCfg = Debug|Any CPU
		{E08E6BC7-014F-4097-84CF-F06246C5FFA9}.Debug|x86.Build.0 = Debug|Any CPU
		{E08E6BC7-014F-4097-84CF-F06246C5FFA9}.Release|Any CPU.ActiveCfg = Release|Any CPU
		{E08E6BC7-014F-4097-84CF-F06246C5FFA9}.Release|Any CPU.Build.0 = Release|Any CPU
		{E08E6BC7-014F-4097-84CF-F06246C5FFA9}.Release|x64.ActiveCfg = Release|Any CPU
		{E08E6BC7-014F-4097-84CF-F06246C5FFA9}.Release|x64.Build.0 = Release|Any CPU
		{E08E6BC7-014F-4097-84CF-F06246C5FFA9}.Release|x86.ActiveCfg = Release|Any CPU
		{E08E6BC7-014F-4097-84CF-F06246C5FFA9}.Release|x86.Build.0 = Release|Any CPU
		{B85230A5-52CF-4531-88A6-AEF696E73AF1}.Debug|Any CPU.ActiveCfg = Debug|Any CPU
		{B85230A5-52CF-4531-88A6-AEF696E73AF1}.Debug|Any CPU.Build.0 = Debug|Any CPU
		{B85230A5-52CF-4531-88A6-AEF696E73AF1}.Debug|x64.ActiveCfg = Debug|Any CPU
		{B85230A5-52CF-4531-88A6-AEF696E73AF1}.Debug|x64.Build.0 = Debug|Any CPU
		{B85230A5-52CF-4531-88A6-AEF696E73AF1}.Debug|x86.ActiveCfg = Debug|Any CPU
		{B85230A5-52CF-4531-88A6-AEF696E73AF1}.Debug|x86.Build.0 = Debug|Any CPU
		{B85230A5-52CF-4531-88A6-AEF696E73AF1}.Release|Any CPU.ActiveCfg = Release|Any CPU
		{B85230A5-52CF-4531-88A6-AEF696E73AF1}.Release|Any CPU.Build.0 = Release|Any CPU
		{B85230A5-52CF-4531-88A6-AEF696E73AF1}.Release|x64.ActiveCfg = Release|Any CPU
		{B85230A5-52CF-4531-88A6-AEF696E73AF1}.Release|x64.Build.0 = Release|Any CPU
		{B85230A5-52CF-4531-88A6-AEF696E73AF1}.Release|x86.ActiveCfg = Release|Any CPU
		{B85230A5-52CF-4531-88A6-AEF696E73AF1}.Release|x86.Build.0 = Release|Any CPU
		{3250EF3D-07C9-40C0-9169-4A9F41DCC6BA}.Debug|Any CPU.ActiveCfg = Debug|Any CPU
		{3250EF3D-07C9-40C0-9169-4A9F41DCC6BA}.Debug|Any CPU.Build.0 = Debug|Any CPU
		{3250EF3D-07C9-40C0-9169-4A9F41DCC6BA}.Debug|x64.ActiveCfg = Debug|Any CPU
		{3250EF3D-07C9-40C0-9169-4A9F41DCC6BA}.Debug|x64.Build.0 = Debug|Any CPU
		{3250EF3D-07C9-40C0-9169-4A9F41DCC6BA}.Debug|x86.ActiveCfg = Debug|Any CPU
		{3250EF3D-07C9-40C0-9169-4A9F41DCC6BA}.Debug|x86.Build.0 = Debug|Any CPU
		{3250EF3D-07C9-40C0-9169-4A9F41DCC6BA}.Release|Any CPU.ActiveCfg = Release|Any CPU
		{3250EF3D-07C9-40C0-9169-4A9F41DCC6BA}.Release|Any CPU.Build.0 = Release|Any CPU
		{3250EF3D-07C9-40C0-9169-4A9F41DCC6BA}.Release|x64.ActiveCfg = Release|Any CPU
		{3250EF3D-07C9-40C0-9169-4A9F41DCC6BA}.Release|x64.Build.0 = Release|Any CPU
		{3250EF3D-07C9-40C0-9169-4A9F41DCC6BA}.Release|x86.ActiveCfg = Release|Any CPU
		{3250EF3D-07C9-40C0-9169-4A9F41DCC6BA}.Release|x86.Build.0 = Release|Any CPU
		{E7C14993-4384-4BFD-B92E-25DE0096DC08}.Debug|Any CPU.ActiveCfg = Debug|Any CPU
		{E7C14993-4384-4BFD-B92E-25DE0096DC08}.Debug|Any CPU.Build.0 = Debug|Any CPU
		{E7C14993-4384-4BFD-B92E-25DE0096DC08}.Debug|x64.ActiveCfg = Debug|Any CPU
		{E7C14993-4384-4BFD-B92E-25DE0096DC08}.Debug|x64.Build.0 = Debug|Any CPU
		{E7C14993-4384-4BFD-B92E-25DE0096DC08}.Debug|x86.ActiveCfg = Debug|Any CPU
		{E7C14993-4384-4BFD-B92E-25DE0096DC08}.Debug|x86.Build.0 = Debug|Any CPU
		{E7C14993-4384-4BFD-B92E-25DE0096DC08}.Release|Any CPU.ActiveCfg = Release|Any CPU
		{E7C14993-4384-4BFD-B92E-25DE0096DC08}.Release|Any CPU.Build.0 = Release|Any CPU
		{E7C14993-4384-4BFD-B92E-25DE0096DC08}.Release|x64.ActiveCfg = Release|Any CPU
		{E7C14993-4384-4BFD-B92E-25DE0096DC08}.Release|x64.Build.0 = Release|Any CPU
		{E7C14993-4384-4BFD-B92E-25DE0096DC08}.Release|x86.ActiveCfg = Release|Any CPU
		{E7C14993-4384-4BFD-B92E-25DE0096DC08}.Release|x86.Build.0 = Release|Any CPU
	EndGlobalSection
	GlobalSection(NestedProjects) = preSolution
		{DA065C51-55AA-4356-8FB0-BE0B37EB6B76} = {DB91B133-B4A7-4A75-AE07-1E5A41349975}
		{BDE23CA2-F1EF-4EC5-BA77-2DCFF3BE3A7C} = {DB91B133-B4A7-4A75-AE07-1E5A41349975}
		{963C43A7-FDD8-4F11-B63F-204526FC7626} = {DB91B133-B4A7-4A75-AE07-1E5A41349975}
		{5125C6E7-E9E9-488D-B6C1-1CB1073BFE6B} = {DB91B133-B4A7-4A75-AE07-1E5A41349975}
		{B10DED4E-1826-4045-A727-6A6F28926147} = {DB91B133-B4A7-4A75-AE07-1E5A41349975}
		{6AD71726-22DD-4F3C-85AC-75A4E69D4DC3} = {9C7B04AD-541F-4DF1-9432-54433B99F280}
		{D373EAA7-42B9-48E0-83C0-D9D3D31AD9DC} = {9C7B04AD-541F-4DF1-9432-54433B99F280}
		{3022A739-E1FF-48B6-8517-631CC47E481E} = {9C7B04AD-541F-4DF1-9432-54433B99F280}
		{7D7792AC-492D-49D7-9E88-D7817D43CBD1} = {9C7B04AD-541F-4DF1-9432-54433B99F280}
		{F6D40BF2-41C5-42E8-93C1-710A98406459} = {9C7B04AD-541F-4DF1-9432-54433B99F280}
		{125E6E9E-D6FB-45D6-AA10-ECBADD78E623} = {C6AA2E79-00D2-4EBE-9BB3-EEB714DA6BB3}
		{2F6E0EFB-DB8A-4F91-8BAA-BD64C3E7C3CF} = {C6AA2E79-00D2-4EBE-9BB3-EEB714DA6BB3}
		{D511E27A-D834-4DDA-9259-3DC989454554} = {C6AA2E79-00D2-4EBE-9BB3-EEB714DA6BB3}
		{2EA9C0CE-6A7D-4504-A972-96A129F67872} = {C6AA2E79-00D2-4EBE-9BB3-EEB714DA6BB3}
		{974143DF-FA81-495E-99A6-7F8A3E133FC4} = {C6AA2E79-00D2-4EBE-9BB3-EEB714DA6BB3}
		{458A80E2-1EA9-4E1E-AD83-66B0EDC73AF4} = {7B62C146-EAA2-4B43-BD43-AC359407A42F}
		{20D76BBD-A33B-499C-BD98-7A184598A292} = {206E1704-5230-4F31-9B2D-69F310BFFC6B}
		{E4A11142-5C8C-4488-A364-117FA9E17622} = {17C4760F-7243-4FDB-AAF8-0FD757852377}
		{4D95CD4B-0F31-454E-99CD-B2BF4125A3CE} = {17C4760F-7243-4FDB-AAF8-0FD757852377}
		{3141F32E-15ED-4E7E-9653-389C18A8B95C} = {210DD09A-74CA-4816-B9E7-D2F0DADA1C94}
		{FD93183D-A704-49E7-AC95-E9215BC3D2B9} = {210DD09A-74CA-4816-B9E7-D2F0DADA1C94}
		{43FB8E5B-8A5E-4085-9FFC-5859E522E04F} = {210DD09A-74CA-4816-B9E7-D2F0DADA1C94}
		{67CBA474-8EE2-444C-BCA0-05C1A936CFFD} = {210DD09A-74CA-4816-B9E7-D2F0DADA1C94}
		{EFD8D234-C54D-4E47-8233-4CA30C6C383F} = {210DD09A-74CA-4816-B9E7-D2F0DADA1C94}
		{BE178D0F-EC26-467A-9D2F-AD990578DB3D} = {206E1704-5230-4F31-9B2D-69F310BFFC6B}
		{6CB547B3-0419-4F32-96C8-3D4C878904F2} = {206E1704-5230-4F31-9B2D-69F310BFFC6B}
		{025C23CF-7AF2-4D7C-9D33-D56D342E856B} = {206E1704-5230-4F31-9B2D-69F310BFFC6B}
		{EBC2841B-3126-47E1-9888-C6F3B3496BD8} = {206E1704-5230-4F31-9B2D-69F310BFFC6B}
		{116AEA56-AF50-49B7-9F00-872B82B78DD7} = {74488A72-82B8-4A94-8C36-510D46C2138A}
		{165F424A-87E7-4321-B6A6-ECBE59021BA0} = {74488A72-82B8-4A94-8C36-510D46C2138A}
		{280BE564-E4DE-46FD-AD95-284E913DB9EB} = {D820FC23-A6FD-4741-B1EB-C34CCAC741CB}
		{D3D9D386-6053-4841-A70F-9B8B02C62AA9} = {D820FC23-A6FD-4741-B1EB-C34CCAC741CB}
		{C00635A7-2F9F-48E9-B723-5FE21963DEDD} = {14B38795-AA8A-4F6B-BFC2-C07A3C9ED0F6}
		{982FF9DD-9190-481C-98DA-95B05055A49F} = {12B14152-34D1-4A0A-88F2-DFBDACC13B20}
		{D16191CA-F809-4FB1-B3FF-7FBA1B344ECE} = {444FA222-26CB-48C4-AC4F-E739AE9A45DB}
		{BE2FBA6B-E34B-4A15-B539-6DE4E6320E3F} = {17C4760F-7243-4FDB-AAF8-0FD757852377}
		{E08E6BC7-014F-4097-84CF-F06246C5FFA9} = {17C4760F-7243-4FDB-AAF8-0FD757852377}
		{B85230A5-52CF-4531-88A6-AEF696E73AF1} = {86504C19-4D3C-4E03-B702-28B38504C595}
		{3250EF3D-07C9-40C0-9169-4A9F41DCC6BA} = {86504C19-4D3C-4E03-B702-28B38504C595}
		{E7C14993-4384-4BFD-B92E-25DE0096DC08} = {86504C19-4D3C-4E03-B702-28B38504C595}
	EndGlobalSection
	GlobalSection(RiderSharedRunConfigurations) = postSolution
		File = RiderConfigurations\Compose.run.xml
	EndGlobalSection
EndGlobal
